// !$*UTF8*$!
{
	archiveVersion = 1;
	classes = {
	};
	objectVersion = 46;
	objects = {

/* Begin PBXBuildFile section */
		67123B3E97C74B27B71BC385 /* libPods-TestsApp.a in Frameworks */ = {isa = PBXBuildFile; fileRef = F4ADEE41A0E7474AB857DDBB /* libPods-TestsApp.a */; };
		860EDB51180084C7001BEEEE /* Foundation.framework in Frameworks */ = {isa = PBXBuildFile; fileRef = 860EDB50180084C6001BEEEE /* Foundation.framework */; };
		860EDB54180084C7001BEEEE /* main.m in Sources */ = {isa = PBXBuildFile; fileRef = 860EDB53180084C7001BEEEE /* main.m */; };
		860EDB58180084C7001BEEEE /* TestsApp.1 in CopyFiles */ = {isa = PBXBuildFile; fileRef = 860EDB57180084C7001BEEEE /* TestsApp.1 */; };
		860EDB7A18008535001BEEEE /* TestHelpers.m in Sources */ = {isa = PBXBuildFile; fileRef = 860EDB6618008535001BEEEE /* TestHelpers.m */; };
		860EDB8C180087B9001BEEEE /* SenTestingKit.framework in Frameworks */ = {isa = PBXBuildFile; fileRef = 860EDB8B180087B9001BEEEE /* SenTestingKit.framework */; };
		860EDBA218008822001BEEEE /* COCompositeOperation.m in Sources */ = {isa = PBXBuildFile; fileRef = 860EDB9118008822001BEEEE /* COCompositeOperation.m */; };
		860EDBA318008822001BEEEE /* CompositeOperations.m in Sources */ = {isa = PBXBuildFile; fileRef = 860EDB9318008822001BEEEE /* CompositeOperations.m */; };
		860EDBA418008822001BEEEE /* COOperation.m in Sources */ = {isa = PBXBuildFile; fileRef = 860EDB9518008822001BEEEE /* COOperation.m */; };
		860EDBA518008822001BEEEE /* COOperationQueue.m in Sources */ = {isa = PBXBuildFile; fileRef = 860EDB9718008822001BEEEE /* COOperationQueue.m */; };
		860EDBA618008822001BEEEE /* COOperationResolver.m in Sources */ = {isa = PBXBuildFile; fileRef = 860EDB9918008822001BEEEE /* COOperationResolver.m */; };
		860EDBA718008822001BEEEE /* COQueues.m in Sources */ = {isa = PBXBuildFile; fileRef = 860EDB9B18008822001BEEEE /* COQueues.m */; };
		862329D7184BA5630001C034 /* COCompositeSerialOperationTests.m in Sources */ = {isa = PBXBuildFile; fileRef = 860EDB6D18008535001BEEEE /* COCompositeSerialOperationTests.m */; };
		862329DB184BBC580001C034 /* HighLoadIntegrationTests.m in Sources */ = {isa = PBXBuildFile; fileRef = 860EDB6A18008535001BEEEE /* HighLoadIntegrationTests.m */; };
		862329DC184BBF960001C034 /* NSOperationCompatibilityTests.m in Sources */ = {isa = PBXBuildFile; fileRef = 860EDB6B18008535001BEEEE /* NSOperationCompatibilityTests.m */; };
		862329DD184BBF960001C034 /* NSOperationQueueCompatibilityTests.m in Sources */ = {isa = PBXBuildFile; fileRef = 860EDB6C18008535001BEEEE /* NSOperationQueueCompatibilityTests.m */; };
		862329DE184BBF960001C034 /* CompositeOperationsTests.m in Sources */ = {isa = PBXBuildFile; fileRef = 860EDB6E18008535001BEEEE /* CompositeOperationsTests.m */; };
		862329DF184BBF960001C034 /* COOperation_Suspending_Tests.m in Sources */ = {isa = PBXBuildFile; fileRef = 860EDB6F18008535001BEEEE /* COOperation_Suspending_Tests.m */; };
		862329E0184BBF960001C034 /* COOperationQueueTests.m in Sources */ = {isa = PBXBuildFile; fileRef = 860EDB7018008535001BEEEE /* COOperationQueueTests.m */; };
		862329E1184BBF960001C034 /* COOperationResolverTests.m in Sources */ = {isa = PBXBuildFile; fileRef = 860EDB7118008535001BEEEE /* COOperationResolverTests.m */; };
		862329E2184BBF960001C034 /* COOperationTests.m in Sources */ = {isa = PBXBuildFile; fileRef = 860EDB7218008535001BEEEE /* COOperationTests.m */; };
		862329E3184BBF960001C034 /* COQueuesTests.m in Sources */ = {isa = PBXBuildFile; fileRef = 860EDB7318008535001BEEEE /* COQueuesTests.m */; };
		862329E4184BBF960001C034 /* COCompositeOperationConcurrentTests.m in Sources */ = {isa = PBXBuildFile; fileRef = 860EDB7618008535001BEEEE /* COCompositeOperationConcurrentTests.m */; };
		8684D68C184A424D00B2902B /* COCompositeConcurrentOperationInternal.m in Sources */ = {isa = PBXBuildFile; fileRef = 8684D686184A424D00B2902B /* COCompositeConcurrentOperationInternal.m */; };
		8684D68E184A424D00B2902B /* COCompositeSerialOperationInternal.m in Sources */ = {isa = PBXBuildFile; fileRef = 8684D68A184A424D00B2902B /* COCompositeSerialOperationInternal.m */; };
/* End PBXBuildFile section */

/* Begin PBXCopyFilesBuildPhase section */
		860EDB4B180084C6001BEEEE /* CopyFiles */ = {
			isa = PBXCopyFilesBuildPhase;
			buildActionMask = 2147483647;
			dstPath = /usr/share/man/man1/;
			dstSubfolderSpec = 0;
			files = (
				860EDB58180084C7001BEEEE /* TestsApp.1 in CopyFiles */,
			);
			runOnlyForDeploymentPostprocessing = 1;
		};
/* End PBXCopyFilesBuildPhase section */

/* Begin PBXFileReference section */
		860EDB4D180084C6001BEEEE /* TestsApp */ = {isa = PBXFileReference; explicitFileType = "compiled.mach-o.executable"; includeInIndex = 0; path = TestsApp; sourceTree = BUILT_PRODUCTS_DIR; };
		860EDB50180084C6001BEEEE /* Foundation.framework */ = {isa = PBXFileReference; lastKnownFileType = wrapper.framework; name = Foundation.framework; path = System/Library/Frameworks/Foundation.framework; sourceTree = SDKROOT; };
		860EDB53180084C7001BEEEE /* main.m */ = {isa = PBXFileReference; lastKnownFileType = sourcecode.c.objc; path = main.m; sourceTree = "<group>"; };
		860EDB56180084C7001BEEEE /* TestsApp-Prefix.pch */ = {isa = PBXFileReference; lastKnownFileType = sourcecode.c.h; path = "TestsApp-Prefix.pch"; sourceTree = "<group>"; };
		860EDB57180084C7001BEEEE /* TestsApp.1 */ = {isa = PBXFileReference; lastKnownFileType = text.man; path = TestsApp.1; sourceTree = "<group>"; };
		860EDB6518008535001BEEEE /* TestHelpers.h */ = {isa = PBXFileReference; fileEncoding = 4; lastKnownFileType = sourcecode.c.h; path = TestHelpers.h; sourceTree = "<group>"; };
		860EDB6618008535001BEEEE /* TestHelpers.m */ = {isa = PBXFileReference; fileEncoding = 4; lastKnownFileType = sourcecode.c.objc; path = TestHelpers.m; sourceTree = "<group>"; };
		860EDB6918008535001BEEEE /* CurrentTests.m */ = {isa = PBXFileReference; fileEncoding = 4; lastKnownFileType = sourcecode.c.objc; path = CurrentTests.m; sourceTree = "<group>"; };
		860EDB6A18008535001BEEEE /* HighLoadIntegrationTests.m */ = {isa = PBXFileReference; fileEncoding = 4; lastKnownFileType = sourcecode.c.objc; path = HighLoadIntegrationTests.m; sourceTree = "<group>"; };
		860EDB6B18008535001BEEEE /* NSOperationCompatibilityTests.m */ = {isa = PBXFileReference; fileEncoding = 4; lastKnownFileType = sourcecode.c.objc; path = NSOperationCompatibilityTests.m; sourceTree = "<group>"; };
		860EDB6C18008535001BEEEE /* NSOperationQueueCompatibilityTests.m */ = {isa = PBXFileReference; fileEncoding = 4; lastKnownFileType = sourcecode.c.objc; path = NSOperationQueueCompatibilityTests.m; sourceTree = "<group>"; };
		860EDB6D18008535001BEEEE /* COCompositeSerialOperationTests.m */ = {isa = PBXFileReference; fileEncoding = 4; lastKnownFileType = sourcecode.c.objc; path = COCompositeSerialOperationTests.m; sourceTree = "<group>"; };
		860EDB6E18008535001BEEEE /* CompositeOperationsTests.m */ = {isa = PBXFileReference; fileEncoding = 4; lastKnownFileType = sourcecode.c.objc; path = CompositeOperationsTests.m; sourceTree = "<group>"; };
		860EDB6F18008535001BEEEE /* COOperation_Suspending_Tests.m */ = {isa = PBXFileReference; fileEncoding = 4; lastKnownFileType = sourcecode.c.objc; path = COOperation_Suspending_Tests.m; sourceTree = "<group>"; };
		860EDB7018008535001BEEEE /* COOperationQueueTests.m */ = {isa = PBXFileReference; fileEncoding = 4; lastKnownFileType = sourcecode.c.objc; path = COOperationQueueTests.m; sourceTree = "<group>"; };
		860EDB7118008535001BEEEE /* COOperationResolverTests.m */ = {isa = PBXFileReference; fileEncoding = 4; lastKnownFileType = sourcecode.c.objc; path = COOperationResolverTests.m; sourceTree = "<group>"; };
		860EDB7218008535001BEEEE /* COOperationTests.m */ = {isa = PBXFileReference; fileEncoding = 4; lastKnownFileType = sourcecode.c.objc; path = COOperationTests.m; sourceTree = "<group>"; };
		860EDB7318008535001BEEEE /* COQueuesTests.m */ = {isa = PBXFileReference; fileEncoding = 4; lastKnownFileType = sourcecode.c.objc; path = COQueuesTests.m; sourceTree = "<group>"; };
		860EDB7618008535001BEEEE /* COCompositeOperationConcurrentTests.m */ = {isa = PBXFileReference; fileEncoding = 4; lastKnownFileType = sourcecode.c.objc; path = COCompositeOperationConcurrentTests.m; sourceTree = "<group>"; };
		860EDB7718008535001BEEEE /* TODO.m */ = {isa = PBXFileReference; fileEncoding = 4; lastKnownFileType = sourcecode.c.objc; path = TODO.m; sourceTree = "<group>"; };
		860EDB8B180087B9001BEEEE /* SenTestingKit.framework */ = {isa = PBXFileReference; lastKnownFileType = wrapper.framework; name = SenTestingKit.framework; path = Library/Frameworks/SenTestingKit.framework; sourceTree = DEVELOPER_DIR; };
		860EDB9018008822001BEEEE /* COCompositeOperation.h */ = {isa = PBXFileReference; fileEncoding = 4; lastKnownFileType = sourcecode.c.h; path = COCompositeOperation.h; sourceTree = "<group>"; };
		860EDB9118008822001BEEEE /* COCompositeOperation.m */ = {isa = PBXFileReference; fileEncoding = 4; lastKnownFileType = sourcecode.c.objc; path = COCompositeOperation.m; sourceTree = "<group>"; };
		860EDB9218008822001BEEEE /* CompositeOperations.h */ = {isa = PBXFileReference; fileEncoding = 4; lastKnownFileType = sourcecode.c.h; path = CompositeOperations.h; sourceTree = "<group>"; };
		860EDB9318008822001BEEEE /* CompositeOperations.m */ = {isa = PBXFileReference; fileEncoding = 4; lastKnownFileType = sourcecode.c.objc; path = CompositeOperations.m; sourceTree = "<group>"; };
		860EDB9418008822001BEEEE /* COOperation.h */ = {isa = PBXFileReference; fileEncoding = 4; lastKnownFileType = sourcecode.c.h; path = COOperation.h; sourceTree = "<group>"; };
		860EDB9518008822001BEEEE /* COOperation.m */ = {isa = PBXFileReference; fileEncoding = 4; lastKnownFileType = sourcecode.c.objc; path = COOperation.m; sourceTree = "<group>"; };
		860EDB9618008822001BEEEE /* COOperationQueue.h */ = {isa = PBXFileReference; fileEncoding = 4; lastKnownFileType = sourcecode.c.h; path = COOperationQueue.h; sourceTree = "<group>"; };
		860EDB9718008822001BEEEE /* COOperationQueue.m */ = {isa = PBXFileReference; fileEncoding = 4; lastKnownFileType = sourcecode.c.objc; path = COOperationQueue.m; sourceTree = "<group>"; };
		860EDB9818008822001BEEEE /* COOperationResolver.h */ = {isa = PBXFileReference; fileEncoding = 4; lastKnownFileType = sourcecode.c.h; path = COOperationResolver.h; sourceTree = "<group>"; };
		860EDB9918008822001BEEEE /* COOperationResolver.m */ = {isa = PBXFileReference; fileEncoding = 4; lastKnownFileType = sourcecode.c.objc; path = COOperationResolver.m; sourceTree = "<group>"; };
		860EDB9A18008822001BEEEE /* COQueues.h */ = {isa = PBXFileReference; fileEncoding = 4; lastKnownFileType = sourcecode.c.h; path = COQueues.h; sourceTree = "<group>"; };
		860EDB9B18008822001BEEEE /* COQueues.m */ = {isa = PBXFileReference; fileEncoding = 4; lastKnownFileType = sourcecode.c.objc; path = COQueues.m; sourceTree = "<group>"; };
		860EDBA018008822001BEEEE /* COTypedefs.h */ = {isa = PBXFileReference; fileEncoding = 4; lastKnownFileType = sourcecode.c.h; path = COTypedefs.h; sourceTree = "<group>"; };
		8684D685184A424D00B2902B /* COCompositeConcurrentOperationInternal.h */ = {isa = PBXFileReference; fileEncoding = 4; lastKnownFileType = sourcecode.c.h; path = COCompositeConcurrentOperationInternal.h; sourceTree = "<group>"; };
		8684D686184A424D00B2902B /* COCompositeConcurrentOperationInternal.m */ = {isa = PBXFileReference; fileEncoding = 4; lastKnownFileType = sourcecode.c.objc; path = COCompositeConcurrentOperationInternal.m; sourceTree = "<group>"; };
		8684D689184A424D00B2902B /* COCompositeSerialOperationInternal.h */ = {isa = PBXFileReference; fileEncoding = 4; lastKnownFileType = sourcecode.c.h; path = COCompositeSerialOperationInternal.h; sourceTree = "<group>"; };
		8684D68A184A424D00B2902B /* COCompositeSerialOperationInternal.m */ = {isa = PBXFileReference; fileEncoding = 4; lastKnownFileType = sourcecode.c.objc; path = COCompositeSerialOperationInternal.m; sourceTree = "<group>"; };
		8684D68B184A424D00B2902B /* COOperation_Private.h */ = {isa = PBXFileReference; fileEncoding = 4; lastKnownFileType = sourcecode.c.h; path = COOperation_Private.h; sourceTree = "<group>"; };
		8684D6A7184A8DBE00B2902B /* COCompositeOperation_Private.h */ = {isa = PBXFileReference; lastKnownFileType = sourcecode.c.h; path = COCompositeOperation_Private.h; sourceTree = "<group>"; };
		8684D6A8184A9E3F00B2902B /* COCompositeOperationInternal.h */ = {isa = PBXFileReference; lastKnownFileType = sourcecode.c.h; path = COCompositeOperationInternal.h; sourceTree = "<group>"; };
		F4ADEE41A0E7474AB857DDBB /* libPods-TestsApp.a */ = {isa = PBXFileReference; explicitFileType = archive.ar; includeInIndex = 0; path = "libPods-TestsApp.a"; sourceTree = BUILT_PRODUCTS_DIR; };
		FEB14E77372742B39B17759B /* Pods-TestsApp.xcconfig */ = {isa = PBXFileReference; includeInIndex = 1; lastKnownFileType = text.xcconfig; name = "Pods-TestsApp.xcconfig"; path = "Pods/Pods-TestsApp.xcconfig"; sourceTree = "<group>"; };
/* End PBXFileReference section */

/* Begin PBXFrameworksBuildPhase section */
		860EDB4A180084C6001BEEEE /* Frameworks */ = {
			isa = PBXFrameworksBuildPhase;
			buildActionMask = 2147483647;
			files = (
				860EDB8C180087B9001BEEEE /* SenTestingKit.framework in Frameworks */,
				860EDB51180084C7001BEEEE /* Foundation.framework in Frameworks */,
				67123B3E97C74B27B71BC385 /* libPods-TestsApp.a in Frameworks */,
			);
			runOnlyForDeploymentPostprocessing = 0;
		};
/* End PBXFrameworksBuildPhase section */

/* Begin PBXGroup section */
		860EDB44180084C6001BEEEE = {
			isa = PBXGroup;
			children = (
				860EDB8D18008822001BEEEE /* CompositeOperations */,
				860EDB5E18008535001BEEEE /* Tests */,
				860EDB52180084C7001BEEEE /* TestsApp */,
				860EDB4F180084C6001BEEEE /* Frameworks */,
				860EDB4E180084C6001BEEEE /* Products */,
				FEB14E77372742B39B17759B /* Pods-TestsApp.xcconfig */,
			);
			sourceTree = "<group>";
		};
		860EDB4E180084C6001BEEEE /* Products */ = {
			isa = PBXGroup;
			children = (
				860EDB4D180084C6001BEEEE /* TestsApp */,
			);
			name = Products;
			sourceTree = "<group>";
		};
		860EDB4F180084C6001BEEEE /* Frameworks */ = {
			isa = PBXGroup;
			children = (
				860EDB8B180087B9001BEEEE /* SenTestingKit.framework */,
				860EDB50180084C6001BEEEE /* Foundation.framework */,
				F4ADEE41A0E7474AB857DDBB /* libPods-TestsApp.a */,
			);
			name = Frameworks;
			sourceTree = "<group>";
		};
		860EDB52180084C7001BEEEE /* TestsApp */ = {
			isa = PBXGroup;
			children = (
				860EDB53180084C7001BEEEE /* main.m */,
				860EDB57180084C7001BEEEE /* TestsApp.1 */,
				860EDB55180084C7001BEEEE /* Supporting Files */,
			);
			path = TestsApp;
			sourceTree = "<group>";
		};
		860EDB55180084C7001BEEEE /* Supporting Files */ = {
			isa = PBXGroup;
			children = (
				860EDB56180084C7001BEEEE /* TestsApp-Prefix.pch */,
			);
			name = "Supporting Files";
			sourceTree = "<group>";
		};
		860EDB5E18008535001BEEEE /* Tests */ = {
			isa = PBXGroup;
			children = (
				860EDB6418008535001BEEEE /* TestHelpers */,
				860EDB6718008535001BEEEE /* Tests */,
			);
			name = Tests;
			path = ../Tests;
			sourceTree = "<group>";
		};
		860EDB6418008535001BEEEE /* TestHelpers */ = {
			isa = PBXGroup;
			children = (
				860EDB6518008535001BEEEE /* TestHelpers.h */,
				860EDB6618008535001BEEEE /* TestHelpers.m */,
			);
			path = TestHelpers;
			sourceTree = "<group>";
		};
		860EDB6718008535001BEEEE /* Tests */ = {
			isa = PBXGroup;
			children = (
				860EDB6918008535001BEEEE /* CurrentTests.m */,
				860EDB6A18008535001BEEEE /* HighLoadIntegrationTests.m */,
				860EDB6B18008535001BEEEE /* NSOperationCompatibilityTests.m */,
				860EDB6C18008535001BEEEE /* NSOperationQueueCompatibilityTests.m */,
				860EDB6D18008535001BEEEE /* COCompositeSerialOperationTests.m */,
				860EDB6E18008535001BEEEE /* CompositeOperationsTests.m */,
				860EDB6F18008535001BEEEE /* COOperation_Suspending_Tests.m */,
				860EDB7018008535001BEEEE /* COOperationQueueTests.m */,
				860EDB7118008535001BEEEE /* COOperationResolverTests.m */,
				860EDB7218008535001BEEEE /* COOperationTests.m */,
				860EDB7318008535001BEEEE /* COQueuesTests.m */,
				860EDB7618008535001BEEEE /* COCompositeOperationConcurrentTests.m */,
				860EDB7718008535001BEEEE /* TODO.m */,
			);
			path = Tests;
			sourceTree = "<group>";
		};
		860EDB8D18008822001BEEEE /* CompositeOperations */ = {
			isa = PBXGroup;
			children = (
				8684D684184A424D00B2902B /* Private */,
				860EDB9018008822001BEEEE /* COCompositeOperation.h */,
				860EDB9118008822001BEEEE /* COCompositeOperation.m */,
				860EDB9218008822001BEEEE /* CompositeOperations.h */,
				860EDB9318008822001BEEEE /* CompositeOperations.m */,
				860EDB9418008822001BEEEE /* COOperation.h */,
				860EDB9518008822001BEEEE /* COOperation.m */,
				860EDB9618008822001BEEEE /* COOperationQueue.h */,
				860EDB9718008822001BEEEE /* COOperationQueue.m */,
				860EDB9818008822001BEEEE /* COOperationResolver.h */,
				860EDB9918008822001BEEEE /* COOperationResolver.m */,
				860EDB9A18008822001BEEEE /* COQueues.h */,
				860EDB9B18008822001BEEEE /* COQueues.m */,
				860EDBA018008822001BEEEE /* COTypedefs.h */,
			);
			name = CompositeOperations;
			path = ../CompositeOperations;
			sourceTree = "<group>";
		};
		8684D684184A424D00B2902B /* Private */ = {
			isa = PBXGroup;
			children = (
				8684D685184A424D00B2902B /* COCompositeConcurrentOperationInternal.h */,
				8684D686184A424D00B2902B /* COCompositeConcurrentOperationInternal.m */,
				8684D689184A424D00B2902B /* COCompositeSerialOperationInternal.h */,
				8684D68A184A424D00B2902B /* COCompositeSerialOperationInternal.m */,
				8684D68B184A424D00B2902B /* COOperation_Private.h */,
				8684D6A7184A8DBE00B2902B /* COCompositeOperation_Private.h */,
				8684D6A8184A9E3F00B2902B /* COCompositeOperationInternal.h */,
			);
			path = Private;
			sourceTree = "<group>";
		};
/* End PBXGroup section */

/* Begin PBXNativeTarget section */
		860EDB4C180084C6001BEEEE /* TestsApp */ = {
			isa = PBXNativeTarget;
			buildConfigurationList = 860EDB5B180084C7001BEEEE /* Build configuration list for PBXNativeTarget "TestsApp" */;
			buildPhases = (
				04420F68BF534E2D89A03472 /* Check Pods Manifest.lock */,
				860EDB49180084C6001BEEEE /* Sources */,
				860EDB4A180084C6001BEEEE /* Frameworks */,
				860EDB4B180084C6001BEEEE /* CopyFiles */,
				D71676FC5BBC47C6907E8514 /* Copy Pods Resources */,
			);
			buildRules = (
			);
			dependencies = (
			);
			name = TestsApp;
			productName = TestsApp;
			productReference = 860EDB4D180084C6001BEEEE /* TestsApp */;
			productType = "com.apple.product-type.tool";
		};
/* End PBXNativeTarget section */

/* Begin PBXProject section */
		860EDB45180084C6001BEEEE /* Project object */ = {
			isa = PBXProject;
			attributes = {
				LastUpgradeCheck = 0500;
				ORGANIZATIONNAME = "Stanislaw Pankevich";
			};
			buildConfigurationList = 860EDB48180084C6001BEEEE /* Build configuration list for PBXProject "TestsApp" */;
			compatibilityVersion = "Xcode 3.2";
			developmentRegion = English;
			hasScannedForEncodings = 0;
			knownRegions = (
				en,
			);
			mainGroup = 860EDB44180084C6001BEEEE;
			productRefGroup = 860EDB4E180084C6001BEEEE /* Products */;
			projectDirPath = "";
			projectRoot = "";
			targets = (
				860EDB4C180084C6001BEEEE /* TestsApp */,
			);
		};
/* End PBXProject section */

/* Begin PBXShellScriptBuildPhase section */
		04420F68BF534E2D89A03472 /* Check Pods Manifest.lock */ = {
			isa = PBXShellScriptBuildPhase;
			buildActionMask = 2147483647;
			files = (
			);
			inputPaths = (
			);
			name = "Check Pods Manifest.lock";
			outputPaths = (
			);
			runOnlyForDeploymentPostprocessing = 0;
			shellPath = /bin/sh;
			shellScript = "diff \"${PODS_ROOT}/../Podfile.lock\" \"${PODS_ROOT}/Manifest.lock\" > /dev/null\nif [[ $? != 0 ]] ; then\n    cat << EOM\nerror: The sandbox is not in sync with the Podfile.lock. Run 'pod install' or update your CocoaPods installation.\nEOM\n    exit 1\nfi\n";
			showEnvVarsInLog = 0;
		};
		D71676FC5BBC47C6907E8514 /* Copy Pods Resources */ = {
			isa = PBXShellScriptBuildPhase;
			buildActionMask = 2147483647;
			files = (
			);
			inputPaths = (
			);
			name = "Copy Pods Resources";
			outputPaths = (
			);
			runOnlyForDeploymentPostprocessing = 0;
			shellPath = /bin/sh;
			shellScript = "\"${SRCROOT}/Pods/Pods-TestsApp-resources.sh\"\n";
			showEnvVarsInLog = 0;
		};
/* End PBXShellScriptBuildPhase section */

/* Begin PBXSourcesBuildPhase section */
		860EDB49180084C6001BEEEE /* Sources */ = {
			isa = PBXSourcesBuildPhase;
			buildActionMask = 2147483647;
			files = (
				8684D68C184A424D00B2902B /* COCompositeConcurrentOperationInternal.m in Sources */,
				860EDBA218008822001BEEEE /* COCompositeOperation.m in Sources */,
				860EDBA318008822001BEEEE /* CompositeOperations.m in Sources */,
				862329E3184BBF960001C034 /* COQueuesTests.m in Sources */,
				860EDBA718008822001BEEEE /* COQueues.m in Sources */,
				862329DB184BBC580001C034 /* HighLoadIntegrationTests.m in Sources */,
				860EDBA618008822001BEEEE /* COOperationResolver.m in Sources */,
				862329E2184BBF960001C034 /* COOperationTests.m in Sources */,
				862329E4184BBF960001C034 /* COCompositeOperationConcurrentTests.m in Sources */,
				862329E0184BBF960001C034 /* COOperationQueueTests.m in Sources */,
				860EDBA518008822001BEEEE /* COOperationQueue.m in Sources */,
				862329DE184BBF960001C034 /* CompositeOperationsTests.m in Sources */,
				862329DD184BBF960001C034 /* NSOperationQueueCompatibilityTests.m in Sources */,
				862329DC184BBF960001C034 /* NSOperationCompatibilityTests.m in Sources */,
				860EDBA418008822001BEEEE /* COOperation.m in Sources */,
				860EDB54180084C7001BEEEE /* main.m in Sources */,
				8684D68E184A424D00B2902B /* COCompositeSerialOperationInternal.m in Sources */,
				862329DF184BBF960001C034 /* COOperation_Suspending_Tests.m in Sources */,
				862329E1184BBF960001C034 /* COOperationResolverTests.m in Sources */,
				860EDB7A18008535001BEEEE /* TestHelpers.m in Sources */,
				862329D7184BA5630001C034 /* COCompositeSerialOperationTests.m in Sources */,
			);
			runOnlyForDeploymentPostprocessing = 0;
		};
/* End PBXSourcesBuildPhase section */

/* Begin XCBuildConfiguration section */
		860EDB59180084C7001BEEEE /* Debug */ = {
			isa = XCBuildConfiguration;
			buildSettings = {
				ALWAYS_SEARCH_USER_PATHS = NO;
				CLANG_CXX_LANGUAGE_STANDARD = "gnu++0x";
				CLANG_CXX_LIBRARY = "libc++";
				CLANG_ENABLE_OBJC_ARC = YES;
				CLANG_WARN_BOOL_CONVERSION = YES;
				CLANG_WARN_CONSTANT_CONVERSION = YES;
				CLANG_WARN_DIRECT_OBJC_ISA_USAGE = YES_ERROR;
				CLANG_WARN_EMPTY_BODY = YES;
				CLANG_WARN_ENUM_CONVERSION = YES;
				CLANG_WARN_INT_CONVERSION = YES;
				CLANG_WARN_OBJC_ROOT_CLASS = YES_ERROR;
				CLANG_WARN__DUPLICATE_METHOD_MATCH = YES;
				COPY_PHASE_STRIP = NO;
				GCC_C_LANGUAGE_STANDARD = gnu99;
				GCC_DYNAMIC_NO_PIC = NO;
				GCC_ENABLE_OBJC_EXCEPTIONS = YES;
				GCC_OPTIMIZATION_LEVEL = 0;
				GCC_PREPROCESSOR_DEFINITIONS = (
					"DEBUG=1",
					"$(inherited)",
				);
				GCC_SYMBOLS_PRIVATE_EXTERN = NO;
				GCC_WARN_64_TO_32_BIT_CONVERSION = YES;
				GCC_WARN_ABOUT_RETURN_TYPE = YES_ERROR;
				GCC_WARN_UNDECLARED_SELECTOR = YES;
				GCC_WARN_UNINITIALIZED_AUTOS = YES;
				GCC_WARN_UNUSED_FUNCTION = YES;
				GCC_WARN_UNUSED_VARIABLE = YES;
				MACOSX_DEPLOYMENT_TARGET = 10.7;
				ONLY_ACTIVE_ARCH = YES;
				SDKROOT = macosx;
			};
			name = Debug;
		};
		860EDB5A180084C7001BEEEE /* Release */ = {
			isa = XCBuildConfiguration;
			buildSettings = {
				ALWAYS_SEARCH_USER_PATHS = NO;
				CLANG_CXX_LANGUAGE_STANDARD = "gnu++0x";
				CLANG_CXX_LIBRARY = "libc++";
				CLANG_ENABLE_OBJC_ARC = YES;
				CLANG_WARN_BOOL_CONVERSION = YES;
				CLANG_WARN_CONSTANT_CONVERSION = YES;
				CLANG_WARN_DIRECT_OBJC_ISA_USAGE = YES_ERROR;
				CLANG_WARN_EMPTY_BODY = YES;
				CLANG_WARN_ENUM_CONVERSION = YES;
				CLANG_WARN_INT_CONVERSION = YES;
				CLANG_WARN_OBJC_ROOT_CLASS = YES_ERROR;
				CLANG_WARN__DUPLICATE_METHOD_MATCH = YES;
				COPY_PHASE_STRIP = YES;
				DEBUG_INFORMATION_FORMAT = "dwarf-with-dsym";
				ENABLE_NS_ASSERTIONS = NO;
				GCC_C_LANGUAGE_STANDARD = gnu99;
				GCC_ENABLE_OBJC_EXCEPTIONS = YES;
				GCC_WARN_64_TO_32_BIT_CONVERSION = YES;
				GCC_WARN_ABOUT_RETURN_TYPE = YES_ERROR;
				GCC_WARN_UNDECLARED_SELECTOR = YES;
				GCC_WARN_UNINITIALIZED_AUTOS = YES;
				GCC_WARN_UNUSED_FUNCTION = YES;
				GCC_WARN_UNUSED_VARIABLE = YES;
				MACOSX_DEPLOYMENT_TARGET = 10.7;
				SDKROOT = macosx;
			};
			name = Release;
		};
		860EDB5C180084C7001BEEEE /* Debug */ = {
			isa = XCBuildConfiguration;
			baseConfigurationReference = FEB14E77372742B39B17759B /* Pods-TestsApp.xcconfig */;
			buildSettings = {
				FRAMEWORK_SEARCH_PATHS = (
					"$(inherited)",
					"$(DEVELOPER_FRAMEWORKS_DIR)",
				);
				GCC_PRECOMPILE_PREFIX_HEADER = YES;
				GCC_PREFIX_HEADER = "TestsApp/TestsApp-Prefix.pch";
				GCC_WARN_ABOUT_MISSING_NEWLINE = YES;
				PRODUCT_NAME = "$(TARGET_NAME)";
			};
			name = Debug;
		};
		860EDB5D180084C7001BEEEE /* Release */ = {
			isa = XCBuildConfiguration;
			baseConfigurationReference = FEB14E77372742B39B17759B /* Pods-TestsApp.xcconfig */;
			buildSettings = {
				FRAMEWORK_SEARCH_PATHS = (
					"$(inherited)",
					"$(DEVELOPER_FRAMEWORKS_DIR)",
				);
				GCC_PRECOMPILE_PREFIX_HEADER = YES;
				GCC_PREFIX_HEADER = "TestsApp/TestsApp-Prefix.pch";
				GCC_WARN_ABOUT_MISSING_NEWLINE = YES;
				PRODUCT_NAME = "$(TARGET_NAME)";
			};
			name = Release;
		};
/* End XCBuildConfiguration section */

/* Begin XCConfigurationList section */
		860EDB48180084C6001BEEEE /* Build configuration list for PBXProject "TestsApp" */ = {
			isa = XCConfigurationList;
			buildConfigurations = (
				860EDB59180084C7001BEEEE /* Debug */,
				860EDB5A180084C7001BEEEE /* Release */,
			);
			defaultConfigurationIsVisible = 0;
			defaultConfigurationName = Release;
		};
		860EDB5B180084C7001BEEEE /* Build configuration list for PBXNativeTarget "TestsApp" */ = {
			isa = XCConfigurationList;
			buildConfigurations = (
				860EDB5C180084C7001BEEEE /* Debug */,
				860EDB5D180084C7001BEEEE /* Release */,
			);
			defaultConfigurationIsVisible = 0;
			defaultConfigurationName = Release;
		};
/* End XCConfigurationList section */
	};
	rootObject = 860EDB45180084C6001BEEEE /* Project object */;
}
