// !$*UTF8*$!
{
	archiveVersion = 1;
	classes = {
	};
	objectVersion = 46;
	objects = {

/* Begin PBXBuildFile section */
		8600DE711BADFF56005297A9 /* COCompositeOperationTests.m in Sources */ = {isa = PBXBuildFile; fileRef = 8600DE641BADD79D005297A9 /* COCompositeOperationTests.m */; settings = {ASSET_TAGS = (); }; };
		8600DE801BAE26F4005297A9 /* CompositeOperationsTests.m in Sources */ = {isa = PBXBuildFile; fileRef = 864EE1321AC4B576007D1B13 /* CompositeOperationsTests.m */; settings = {ASSET_TAGS = (); }; };
		8600DE811BAE26F4005297A9 /* COSimpleOperationTests.m in Sources */ = {isa = PBXBuildFile; fileRef = 864EE1331AC4B576007D1B13 /* COSimpleOperationTests.m */; settings = {ASSET_TAGS = (); }; };
		8600DE821BAE26F4005297A9 /* COParallelOperationTests.m in Sources */ = {isa = PBXBuildFile; fileRef = 864EE1341AC4B576007D1B13 /* COParallelOperationTests.m */; settings = {ASSET_TAGS = (); }; };
		8600DE831BAE26F4005297A9 /* COSequentialOperationTests.m in Sources */ = {isa = PBXBuildFile; fileRef = 864EE1351AC4B576007D1B13 /* COSequentialOperationTests.m */; settings = {ASSET_TAGS = (); }; };
		8629046D1BBF2E3B00C8E33A /* COSequence.h in Headers */ = {isa = PBXBuildFile; fileRef = 8629046C1BBF2E3B00C8E33A /* COSequence.h */; settings = {ATTRIBUTES = (Public, ); }; };
		8629046F1BBF2E5400C8E33A /* COOperation.h in Headers */ = {isa = PBXBuildFile; fileRef = 8629046E1BBF2E5400C8E33A /* COOperation.h */; settings = {ATTRIBUTES = (Public, ); }; };
		862904701BBF300900C8E33A /* COOperation.h in Headers */ = {isa = PBXBuildFile; fileRef = 8629046E1BBF2E5400C8E33A /* COOperation.h */; settings = {ATTRIBUTES = (Public, ); }; };
		862904711BBF300900C8E33A /* COSequence.h in Headers */ = {isa = PBXBuildFile; fileRef = 8629046C1BBF2E3B00C8E33A /* COSequence.h */; settings = {ATTRIBUTES = (Public, ); }; };
		864E2B231BBF0584007A5A5F /* AppDelegate.m in Sources */ = {isa = PBXBuildFile; fileRef = 864E2B171BBF0584007A5A5F /* AppDelegate.m */; settings = {ASSET_TAGS = (); }; };
		864E2B241BBF0584007A5A5F /* ViewController.m in Sources */ = {isa = PBXBuildFile; fileRef = 864E2B191BBF0584007A5A5F /* ViewController.m */; settings = {ASSET_TAGS = (); }; };
		864E2B251BBF0584007A5A5F /* LaunchScreen.storyboard in Resources */ = {isa = PBXBuildFile; fileRef = 864E2B1B1BBF0584007A5A5F /* LaunchScreen.storyboard */; settings = {ASSET_TAGS = (); }; };
		864E2B261BBF0584007A5A5F /* Main.storyboard in Resources */ = {isa = PBXBuildFile; fileRef = 864E2B1D1BBF0584007A5A5F /* Main.storyboard */; settings = {ASSET_TAGS = (); }; };
		864E2B281BBF0584007A5A5F /* main.m in Sources */ = {isa = PBXBuildFile; fileRef = 864E2B201BBF0584007A5A5F /* main.m */; settings = {ASSET_TAGS = (); }; };
		864E2B291BBF0584007A5A5F /* Assets.xcassets in Resources */ = {isa = PBXBuildFile; fileRef = 864E2B221BBF0584007A5A5F /* Assets.xcassets */; settings = {ASSET_TAGS = (); }; };
		864E2B311BBF09A1007A5A5F /* COAbstractOperation.m in Sources */ = {isa = PBXBuildFile; fileRef = 86C6E9DD1BB5E724009B80EC /* COAbstractOperation.m */; settings = {ASSET_TAGS = (); }; };
		864E2B321BBF09A1007A5A5F /* COCompositeOperation.m in Sources */ = {isa = PBXBuildFile; fileRef = 86C6E9E01BB5E724009B80EC /* COCompositeOperation.m */; settings = {ASSET_TAGS = (); }; };
		864E2B331BBF09A1007A5A5F /* COSimpleOperation.m in Sources */ = {isa = PBXBuildFile; fileRef = 86C6E9E31BB5E724009B80EC /* COSimpleOperation.m */; settings = {ASSET_TAGS = (); }; };
		864E2B341BBF09A1007A5A5F /* __COParallelOperation.m in Sources */ = {isa = PBXBuildFile; fileRef = 86C6E9E51BB5E724009B80EC /* __COParallelOperation.m */; settings = {ASSET_TAGS = (); }; };
		864E2B351BBF09A1007A5A5F /* __COSequentialOperation.m in Sources */ = {isa = PBXBuildFile; fileRef = 86C6E9E71BB5E724009B80EC /* __COSequentialOperation.m */; settings = {ASSET_TAGS = (); }; };
		864E2B391BBF0C88007A5A5F /* OperationsRepository.m in Sources */ = {isa = PBXBuildFile; fileRef = 864E2B381BBF0C88007A5A5F /* OperationsRepository.m */; settings = {ASSET_TAGS = (); }; };
		864E2B471BBF197F007A5A5F /* GithubRepositoryIssuesFetchOperation.m in Sources */ = {isa = PBXBuildFile; fileRef = 864E2B421BBF197F007A5A5F /* GithubRepositoryIssuesFetchOperation.m */; settings = {ASSET_TAGS = (); }; };
		864E2B481BBF197F007A5A5F /* GithubUserIssuesOperationSequence.m in Sources */ = {isa = PBXBuildFile; fileRef = 864E2B441BBF197F007A5A5F /* GithubUserIssuesOperationSequence.m */; settings = {ASSET_TAGS = (); }; };
		864E2B491BBF197F007A5A5F /* GithubUserRepositoriesFetchOperation.m in Sources */ = {isa = PBXBuildFile; fileRef = 864E2B461BBF197F007A5A5F /* GithubUserRepositoriesFetchOperation.m */; settings = {ASSET_TAGS = (); }; };
		8657A3B81B3B229300B667E9 /* Kiwi.framework in Frameworks */ = {isa = PBXBuildFile; fileRef = 864EE1771AC4C44A007D1B13 /* Kiwi.framework */; };
		86BB7DC51B36205E00E65FFF /* TestCompositeOperations.m in Sources */ = {isa = PBXBuildFile; fileRef = 864EE12D1AC4B576007D1B13 /* TestCompositeOperations.m */; };
		86BB7DC61B36205E00E65FFF /* TestOperations.m in Sources */ = {isa = PBXBuildFile; fileRef = 864EE1301AC4B576007D1B13 /* TestOperations.m */; };
		86BB7DF31B36227200E65FFF /* TestCompositeOperations.m in Sources */ = {isa = PBXBuildFile; fileRef = 864EE12D1AC4B576007D1B13 /* TestCompositeOperations.m */; };
		86BB7DF41B36227200E65FFF /* TestOperations.m in Sources */ = {isa = PBXBuildFile; fileRef = 864EE1301AC4B576007D1B13 /* TestOperations.m */; };
		86BB7DF91B36227B00E65FFF /* Kiwi.framework in Frameworks */ = {isa = PBXBuildFile; fileRef = 864EE1771AC4C44A007D1B13 /* Kiwi.framework */; };
		86C6E9ED1BB5E724009B80EC /* COAbstractOperation.m in Sources */ = {isa = PBXBuildFile; fileRef = 86C6E9DD1BB5E724009B80EC /* COAbstractOperation.m */; settings = {ASSET_TAGS = (); }; };
		86C6E9EE1BB5E724009B80EC /* COAbstractOperation_Private.h in Headers */ = {isa = PBXBuildFile; fileRef = 86C6E9DE1BB5E724009B80EC /* COAbstractOperation_Private.h */; };
		86C6E9EF1BB5E724009B80EC /* COCompositeOperation.h in Headers */ = {isa = PBXBuildFile; fileRef = 86C6E9DF1BB5E724009B80EC /* COCompositeOperation.h */; settings = {ATTRIBUTES = (Public, ); }; };
		86C6E9F01BB5E724009B80EC /* COCompositeOperation.m in Sources */ = {isa = PBXBuildFile; fileRef = 86C6E9E01BB5E724009B80EC /* COCompositeOperation.m */; settings = {ASSET_TAGS = (); }; };
		86C6E9F11BB5E724009B80EC /* COCompositeOperation.m in Sources */ = {isa = PBXBuildFile; fileRef = 86C6E9E01BB5E724009B80EC /* COCompositeOperation.m */; settings = {ASSET_TAGS = (); }; };
		86C6E9F21BB5E724009B80EC /* CompositeOperations.h in Headers */ = {isa = PBXBuildFile; fileRef = 86C6E9E11BB5E724009B80EC /* CompositeOperations.h */; settings = {ATTRIBUTES = (Public, ); }; };
		86C6E9F31BB5E724009B80EC /* COSimpleOperation.h in Headers */ = {isa = PBXBuildFile; fileRef = 86C6E9E21BB5E724009B80EC /* COSimpleOperation.h */; settings = {ATTRIBUTES = (Public, ); }; };
		86C6E9F41BB5E724009B80EC /* COSimpleOperation.m in Sources */ = {isa = PBXBuildFile; fileRef = 86C6E9E31BB5E724009B80EC /* COSimpleOperation.m */; settings = {ASSET_TAGS = (); }; };
		86C6E9F51BB5E724009B80EC /* COSimpleOperation.m in Sources */ = {isa = PBXBuildFile; fileRef = 86C6E9E31BB5E724009B80EC /* COSimpleOperation.m */; settings = {ASSET_TAGS = (); }; };
		86C6E9F61BB5E724009B80EC /* __COParallelOperation.h in Headers */ = {isa = PBXBuildFile; fileRef = 86C6E9E41BB5E724009B80EC /* __COParallelOperation.h */; settings = {ASSET_TAGS = (); }; };
		86C6E9F71BB5E724009B80EC /* __COParallelOperation.m in Sources */ = {isa = PBXBuildFile; fileRef = 86C6E9E51BB5E724009B80EC /* __COParallelOperation.m */; settings = {ASSET_TAGS = (); }; };
		86C6E9F81BB5E724009B80EC /* __COParallelOperation.m in Sources */ = {isa = PBXBuildFile; fileRef = 86C6E9E51BB5E724009B80EC /* __COParallelOperation.m */; settings = {ASSET_TAGS = (); }; };
		86C6E9F91BB5E724009B80EC /* __COSequentialOperation.h in Headers */ = {isa = PBXBuildFile; fileRef = 86C6E9E61BB5E724009B80EC /* __COSequentialOperation.h */; settings = {ASSET_TAGS = (); }; };
		86C6E9FA1BB5E724009B80EC /* __COSequentialOperation.m in Sources */ = {isa = PBXBuildFile; fileRef = 86C6E9E71BB5E724009B80EC /* __COSequentialOperation.m */; settings = {ASSET_TAGS = (); }; };
		86C6E9FB1BB5E724009B80EC /* __COSequentialOperation.m in Sources */ = {isa = PBXBuildFile; fileRef = 86C6E9E71BB5E724009B80EC /* __COSequentialOperation.m */; settings = {ASSET_TAGS = (); }; };
		86C6E9FF1BB5E724009B80EC /* Info.plist in Resources */ = {isa = PBXBuildFile; fileRef = 86C6E9EA1BB5E724009B80EC /* Info.plist */; settings = {ASSET_TAGS = (); }; };
		86C6EA001BB5E724009B80EC /* Info.plist in Resources */ = {isa = PBXBuildFile; fileRef = 86C6E9EA1BB5E724009B80EC /* Info.plist */; settings = {ASSET_TAGS = (); }; };
		86C6EA021BB5EA68009B80EC /* COAbstractOperation.h in Headers */ = {isa = PBXBuildFile; fileRef = 86C6E9DC1BB5E724009B80EC /* COAbstractOperation.h */; settings = {ATTRIBUTES = (Public, ); }; };
		86C6EA051BB5EB6B009B80EC /* COSimpleOperationTests.m in Sources */ = {isa = PBXBuildFile; fileRef = 864EE1331AC4B576007D1B13 /* COSimpleOperationTests.m */; settings = {ASSET_TAGS = (); }; };
		86C6EA091BB5ED93009B80EC /* COSequentialOperationTests.m in Sources */ = {isa = PBXBuildFile; fileRef = 864EE1351AC4B576007D1B13 /* COSequentialOperationTests.m */; settings = {ASSET_TAGS = (); }; };
		86C6EA0A1BB5ED9C009B80EC /* COParallelOperationTests.m in Sources */ = {isa = PBXBuildFile; fileRef = 864EE1341AC4B576007D1B13 /* COParallelOperationTests.m */; settings = {ASSET_TAGS = (); }; };
		86C6EA0B1BB5EDA6009B80EC /* CompositeOperationsTests.m in Sources */ = {isa = PBXBuildFile; fileRef = 864EE1321AC4B576007D1B13 /* CompositeOperationsTests.m */; settings = {ASSET_TAGS = (); }; };
		86C6EA0C1BB5EDB0009B80EC /* COCompositeOperationTests.m in Sources */ = {isa = PBXBuildFile; fileRef = 8600DE641BADD79D005297A9 /* COCompositeOperationTests.m */; settings = {ASSET_TAGS = (); }; };
		86C6EA0D1BB70253009B80EC /* COAbstractOperation.m in Sources */ = {isa = PBXBuildFile; fileRef = 86C6E9DD1BB5E724009B80EC /* COAbstractOperation.m */; settings = {ASSET_TAGS = (); }; };
		86CA01091BB7279900FE65DA /* COAbstractOperation.h in Headers */ = {isa = PBXBuildFile; fileRef = 86C6E9DC1BB5E724009B80EC /* COAbstractOperation.h */; settings = {ATTRIBUTES = (Public, ); }; };
		86CA010A1BB727A200FE65DA /* COAbstractOperation.m in Sources */ = {isa = PBXBuildFile; fileRef = 86C6E9DD1BB5E724009B80EC /* COAbstractOperation.m */; settings = {ASSET_TAGS = (); }; };
		86CA010B1BB727A300FE65DA /* COAbstractOperation.m in Sources */ = {isa = PBXBuildFile; fileRef = 86C6E9DD1BB5E724009B80EC /* COAbstractOperation.m */; settings = {ASSET_TAGS = (); }; };
		86CA010C1BB727AA00FE65DA /* COCompositeOperation.m in Sources */ = {isa = PBXBuildFile; fileRef = 86C6E9E01BB5E724009B80EC /* COCompositeOperation.m */; settings = {ASSET_TAGS = (); }; };
		86CA010D1BB727AA00FE65DA /* COSimpleOperation.m in Sources */ = {isa = PBXBuildFile; fileRef = 86C6E9E31BB5E724009B80EC /* COSimpleOperation.m */; settings = {ASSET_TAGS = (); }; };
		86CA010E1BB727AA00FE65DA /* __COParallelOperation.m in Sources */ = {isa = PBXBuildFile; fileRef = 86C6E9E51BB5E724009B80EC /* __COParallelOperation.m */; settings = {ASSET_TAGS = (); }; };
		86CA010F1BB727AA00FE65DA /* __COSequentialOperation.m in Sources */ = {isa = PBXBuildFile; fileRef = 86C6E9E71BB5E724009B80EC /* __COSequentialOperation.m */; settings = {ASSET_TAGS = (); }; };
		86CA01111BB727AB00FE65DA /* COCompositeOperation.m in Sources */ = {isa = PBXBuildFile; fileRef = 86C6E9E01BB5E724009B80EC /* COCompositeOperation.m */; settings = {ASSET_TAGS = (); }; };
		86CA01121BB727AB00FE65DA /* COSimpleOperation.m in Sources */ = {isa = PBXBuildFile; fileRef = 86C6E9E31BB5E724009B80EC /* COSimpleOperation.m */; settings = {ASSET_TAGS = (); }; };
		86CA01131BB727AB00FE65DA /* __COParallelOperation.m in Sources */ = {isa = PBXBuildFile; fileRef = 86C6E9E51BB5E724009B80EC /* __COParallelOperation.m */; settings = {ASSET_TAGS = (); }; };
		86CA01141BB727AB00FE65DA /* __COSequentialOperation.m in Sources */ = {isa = PBXBuildFile; fileRef = 86C6E9E71BB5E724009B80EC /* __COSequentialOperation.m */; settings = {ASSET_TAGS = (); }; };
		86CA01161BB727AF00FE65DA /* COAbstractOperation_Private.h in Headers */ = {isa = PBXBuildFile; fileRef = 86C6E9DE1BB5E724009B80EC /* COAbstractOperation_Private.h */; settings = {ASSET_TAGS = (); }; };
		86CA01171BB727D400FE65DA /* CompositeOperations.h in Headers */ = {isa = PBXBuildFile; fileRef = 86C6E9E11BB5E724009B80EC /* CompositeOperations.h */; settings = {ATTRIBUTES = (Public, ); }; };
		86CA01181BB727DA00FE65DA /* COSimpleOperation.h in Headers */ = {isa = PBXBuildFile; fileRef = 86C6E9E21BB5E724009B80EC /* COSimpleOperation.h */; settings = {ATTRIBUTES = (Public, ); }; };
		86CA01191BB727E200FE65DA /* __COParallelOperation.h in Headers */ = {isa = PBXBuildFile; fileRef = 86C6E9E41BB5E724009B80EC /* __COParallelOperation.h */; settings = {ASSET_TAGS = (); }; };
		86CA011A1BB727E200FE65DA /* __COSequentialOperation.h in Headers */ = {isa = PBXBuildFile; fileRef = 86C6E9E61BB5E724009B80EC /* __COSequentialOperation.h */; settings = {ASSET_TAGS = (); }; };
		86CA011C1BB727F200FE65DA /* Info.plist in Resources */ = {isa = PBXBuildFile; fileRef = 86C6E9EA1BB5E724009B80EC /* Info.plist */; settings = {ASSET_TAGS = (); }; };
		86CA011D1BB727F300FE65DA /* Info.plist in Resources */ = {isa = PBXBuildFile; fileRef = 86C6E9EA1BB5E724009B80EC /* Info.plist */; settings = {ASSET_TAGS = (); }; };
		86CA011E1BB7281D00FE65DA /* COCompositeOperation.h in Headers */ = {isa = PBXBuildFile; fileRef = 86C6E9DF1BB5E724009B80EC /* COCompositeOperation.h */; settings = {ATTRIBUTES = (Public, ); }; };
/* End PBXBuildFile section */

/* Begin PBXFileReference section */
		8600DE641BADD79D005297A9 /* COCompositeOperationTests.m */ = {isa = PBXFileReference; fileEncoding = 4; lastKnownFileType = sourcecode.c.objc; path = COCompositeOperationTests.m; sourceTree = "<group>"; };
		8620512D1B3DF4A50066333D /* CompositeOperations.framework */ = {isa = PBXFileReference; lastKnownFileType = wrapper.framework; path = CompositeOperations.framework; sourceTree = "<group>"; };
		8620512F1B3DF4A50066333D /* CompositeOperations.framework */ = {isa = PBXFileReference; lastKnownFileType = wrapper.framework; path = CompositeOperations.framework; sourceTree = "<group>"; };
		8629046C1BBF2E3B00C8E33A /* COSequence.h */ = {isa = PBXFileReference; fileEncoding = 4; lastKnownFileType = sourcecode.c.h; path = COSequence.h; sourceTree = "<group>"; };
		8629046E1BBF2E5400C8E33A /* COOperation.h */ = {isa = PBXFileReference; fileEncoding = 4; lastKnownFileType = sourcecode.c.h; path = COOperation.h; sourceTree = "<group>"; };
		864E2AFE1BBF04CD007A5A5F /* Example.app */ = {isa = PBXFileReference; explicitFileType = wrapper.application; includeInIndex = 0; path = Example.app; sourceTree = BUILT_PRODUCTS_DIR; };
		864E2B161BBF0584007A5A5F /* AppDelegate.h */ = {isa = PBXFileReference; fileEncoding = 4; lastKnownFileType = sourcecode.c.h; path = AppDelegate.h; sourceTree = "<group>"; };
		864E2B171BBF0584007A5A5F /* AppDelegate.m */ = {isa = PBXFileReference; fileEncoding = 4; lastKnownFileType = sourcecode.c.objc; path = AppDelegate.m; sourceTree = "<group>"; };
		864E2B181BBF0584007A5A5F /* ViewController.h */ = {isa = PBXFileReference; fileEncoding = 4; lastKnownFileType = sourcecode.c.h; path = ViewController.h; sourceTree = "<group>"; };
		864E2B191BBF0584007A5A5F /* ViewController.m */ = {isa = PBXFileReference; fileEncoding = 4; lastKnownFileType = sourcecode.c.objc; path = ViewController.m; sourceTree = "<group>"; };
		864E2B1C1BBF0584007A5A5F /* Base */ = {isa = PBXFileReference; lastKnownFileType = file.storyboard; name = Base; path = Base.lproj/LaunchScreen.storyboard; sourceTree = "<group>"; };
		864E2B1E1BBF0584007A5A5F /* Base */ = {isa = PBXFileReference; lastKnownFileType = file.storyboard; name = Base; path = Base.lproj/Main.storyboard; sourceTree = "<group>"; };
		864E2B1F1BBF0584007A5A5F /* Info.plist */ = {isa = PBXFileReference; fileEncoding = 4; lastKnownFileType = text.plist.xml; path = Info.plist; sourceTree = "<group>"; };
		864E2B201BBF0584007A5A5F /* main.m */ = {isa = PBXFileReference; fileEncoding = 4; lastKnownFileType = sourcecode.c.objc; path = main.m; sourceTree = "<group>"; };
		864E2B221BBF0584007A5A5F /* Assets.xcassets */ = {isa = PBXFileReference; lastKnownFileType = folder.assetcatalog; path = Assets.xcassets; sourceTree = "<group>"; };
		864E2B371BBF0C88007A5A5F /* OperationsRepository.h */ = {isa = PBXFileReference; fileEncoding = 4; lastKnownFileType = sourcecode.c.h; path = OperationsRepository.h; sourceTree = "<group>"; };
		864E2B381BBF0C88007A5A5F /* OperationsRepository.m */ = {isa = PBXFileReference; fileEncoding = 4; lastKnownFileType = sourcecode.c.objc; path = OperationsRepository.m; sourceTree = "<group>"; };
		864E2B411BBF197F007A5A5F /* GithubRepositoryIssuesFetchOperation.h */ = {isa = PBXFileReference; fileEncoding = 4; lastKnownFileType = sourcecode.c.h; path = GithubRepositoryIssuesFetchOperation.h; sourceTree = "<group>"; };
		864E2B421BBF197F007A5A5F /* GithubRepositoryIssuesFetchOperation.m */ = {isa = PBXFileReference; fileEncoding = 4; lastKnownFileType = sourcecode.c.objc; path = GithubRepositoryIssuesFetchOperation.m; sourceTree = "<group>"; };
		864E2B431BBF197F007A5A5F /* GithubUserIssuesOperationSequence.h */ = {isa = PBXFileReference; fileEncoding = 4; lastKnownFileType = sourcecode.c.h; path = GithubUserIssuesOperationSequence.h; sourceTree = "<group>"; };
		864E2B441BBF197F007A5A5F /* GithubUserIssuesOperationSequence.m */ = {isa = PBXFileReference; fileEncoding = 4; lastKnownFileType = sourcecode.c.objc; path = GithubUserIssuesOperationSequence.m; sourceTree = "<group>"; };
		864E2B451BBF197F007A5A5F /* GithubUserRepositoriesFetchOperation.h */ = {isa = PBXFileReference; fileEncoding = 4; lastKnownFileType = sourcecode.c.h; path = GithubUserRepositoriesFetchOperation.h; sourceTree = "<group>"; };
		864E2B461BBF197F007A5A5F /* GithubUserRepositoriesFetchOperation.m */ = {isa = PBXFileReference; fileEncoding = 4; lastKnownFileType = sourcecode.c.objc; path = GithubUserRepositoriesFetchOperation.m; sourceTree = "<group>"; };
		864EE1271AC4B576007D1B13 /* Info.plist */ = {isa = PBXFileReference; fileEncoding = 4; lastKnownFileType = text.plist.xml; path = Info.plist; sourceTree = "<group>"; };
		864EE1291AC4B576007D1B13 /* Assertions.h */ = {isa = PBXFileReference; fileEncoding = 4; lastKnownFileType = sourcecode.c.h; path = Assertions.h; sourceTree = "<group>"; };
		864EE12C1AC4B576007D1B13 /* TestCompositeOperations.h */ = {isa = PBXFileReference; fileEncoding = 4; lastKnownFileType = sourcecode.c.h; path = TestCompositeOperations.h; sourceTree = "<group>"; };
		864EE12D1AC4B576007D1B13 /* TestCompositeOperations.m */ = {isa = PBXFileReference; fileEncoding = 4; lastKnownFileType = sourcecode.c.objc; path = TestCompositeOperations.m; sourceTree = "<group>"; };
		864EE12E1AC4B576007D1B13 /* TestHelpers.h */ = {isa = PBXFileReference; fileEncoding = 4; lastKnownFileType = sourcecode.c.h; path = TestHelpers.h; sourceTree = "<group>"; };
		864EE12F1AC4B576007D1B13 /* TestOperations.h */ = {isa = PBXFileReference; fileEncoding = 4; lastKnownFileType = sourcecode.c.h; path = TestOperations.h; sourceTree = "<group>"; };
		864EE1301AC4B576007D1B13 /* TestOperations.m */ = {isa = PBXFileReference; fileEncoding = 4; lastKnownFileType = sourcecode.c.objc; path = TestOperations.m; sourceTree = "<group>"; };
		864EE1321AC4B576007D1B13 /* CompositeOperationsTests.m */ = {isa = PBXFileReference; fileEncoding = 4; lastKnownFileType = sourcecode.c.objc; path = CompositeOperationsTests.m; sourceTree = "<group>"; };
		864EE1331AC4B576007D1B13 /* COSimpleOperationTests.m */ = {isa = PBXFileReference; fileEncoding = 4; lastKnownFileType = sourcecode.c.objc; path = COSimpleOperationTests.m; sourceTree = "<group>"; };
		864EE1341AC4B576007D1B13 /* COParallelOperationTests.m */ = {isa = PBXFileReference; fileEncoding = 4; lastKnownFileType = sourcecode.c.objc; path = COParallelOperationTests.m; sourceTree = "<group>"; };
		864EE1351AC4B576007D1B13 /* COSequentialOperationTests.m */ = {isa = PBXFileReference; fileEncoding = 4; lastKnownFileType = sourcecode.c.objc; path = COSequentialOperationTests.m; sourceTree = "<group>"; };
		864EE1771AC4C44A007D1B13 /* Kiwi.framework */ = {isa = PBXFileReference; lastKnownFileType = wrapper.framework; path = Kiwi.framework; sourceTree = "<group>"; };
		86BB7DA31B361FC300E65FFF /* CompositeOperations.framework */ = {isa = PBXFileReference; explicitFileType = wrapper.framework; includeInIndex = 0; path = CompositeOperations.framework; sourceTree = BUILT_PRODUCTS_DIR; };
		86BB7DA61B361FC400E65FFF /* Info.plist */ = {isa = PBXFileReference; lastKnownFileType = text.plist.xml; path = Info.plist; sourceTree = "<group>"; };
		86BB7DAD1B361FC400E65FFF /* CompositeOperations-iOSTests.xctest */ = {isa = PBXFileReference; explicitFileType = wrapper.cfbundle; includeInIndex = 0; path = "CompositeOperations-iOSTests.xctest"; sourceTree = BUILT_PRODUCTS_DIR; };
		86BB7DB31B361FC400E65FFF /* Info.plist */ = {isa = PBXFileReference; lastKnownFileType = text.plist.xml; path = Info.plist; sourceTree = "<group>"; };
		86BB7DD01B3621E000E65FFF /* CompositeOperations.framework */ = {isa = PBXFileReference; explicitFileType = wrapper.framework; includeInIndex = 0; path = CompositeOperations.framework; sourceTree = BUILT_PRODUCTS_DIR; };
		86BB7DD31B3621E000E65FFF /* Info.plist */ = {isa = PBXFileReference; lastKnownFileType = text.plist.xml; path = Info.plist; sourceTree = "<group>"; };
		86BB7DDA1B3621E000E65FFF /* CompositeOperations-OSXTests.xctest */ = {isa = PBXFileReference; explicitFileType = wrapper.cfbundle; includeInIndex = 0; path = "CompositeOperations-OSXTests.xctest"; sourceTree = BUILT_PRODUCTS_DIR; };
		86BB7DE01B3621E000E65FFF /* Info.plist */ = {isa = PBXFileReference; lastKnownFileType = text.plist.xml; path = Info.plist; sourceTree = "<group>"; };
		86C6E9DC1BB5E724009B80EC /* COAbstractOperation.h */ = {isa = PBXFileReference; fileEncoding = 4; lastKnownFileType = sourcecode.c.h; path = COAbstractOperation.h; sourceTree = "<group>"; };
		86C6E9DD1BB5E724009B80EC /* COAbstractOperation.m */ = {isa = PBXFileReference; fileEncoding = 4; lastKnownFileType = sourcecode.c.objc; path = COAbstractOperation.m; sourceTree = "<group>"; };
		86C6E9DE1BB5E724009B80EC /* COAbstractOperation_Private.h */ = {isa = PBXFileReference; fileEncoding = 4; lastKnownFileType = sourcecode.c.h; path = COAbstractOperation_Private.h; sourceTree = "<group>"; };
		86C6E9DF1BB5E724009B80EC /* COCompositeOperation.h */ = {isa = PBXFileReference; fileEncoding = 4; lastKnownFileType = sourcecode.c.h; path = COCompositeOperation.h; sourceTree = "<group>"; };
		86C6E9E01BB5E724009B80EC /* COCompositeOperation.m */ = {isa = PBXFileReference; fileEncoding = 4; lastKnownFileType = sourcecode.c.objc; path = COCompositeOperation.m; sourceTree = "<group>"; };
		86C6E9E11BB5E724009B80EC /* CompositeOperations.h */ = {isa = PBXFileReference; fileEncoding = 4; lastKnownFileType = sourcecode.c.h; path = CompositeOperations.h; sourceTree = "<group>"; };
		86C6E9E21BB5E724009B80EC /* COSimpleOperation.h */ = {isa = PBXFileReference; fileEncoding = 4; lastKnownFileType = sourcecode.c.h; path = COSimpleOperation.h; sourceTree = "<group>"; };
		86C6E9E31BB5E724009B80EC /* COSimpleOperation.m */ = {isa = PBXFileReference; fileEncoding = 4; lastKnownFileType = sourcecode.c.objc; path = COSimpleOperation.m; sourceTree = "<group>"; };
		86C6E9E41BB5E724009B80EC /* __COParallelOperation.h */ = {isa = PBXFileReference; fileEncoding = 4; lastKnownFileType = sourcecode.c.h; path = __COParallelOperation.h; sourceTree = "<group>"; };
		86C6E9E51BB5E724009B80EC /* __COParallelOperation.m */ = {isa = PBXFileReference; fileEncoding = 4; lastKnownFileType = sourcecode.c.objc; path = __COParallelOperation.m; sourceTree = "<group>"; };
		86C6E9E61BB5E724009B80EC /* __COSequentialOperation.h */ = {isa = PBXFileReference; fileEncoding = 4; lastKnownFileType = sourcecode.c.h; path = __COSequentialOperation.h; sourceTree = "<group>"; };
		86C6E9E71BB5E724009B80EC /* __COSequentialOperation.m */ = {isa = PBXFileReference; fileEncoding = 4; lastKnownFileType = sourcecode.c.objc; path = __COSequentialOperation.m; sourceTree = "<group>"; };
		86C6E9EA1BB5E724009B80EC /* Info.plist */ = {isa = PBXFileReference; fileEncoding = 4; lastKnownFileType = text.plist.xml; path = Info.plist; sourceTree = "<group>"; };
/* End PBXFileReference section */

/* Begin PBXFrameworksBuildPhase section */
		864E2AFB1BBF04CD007A5A5F /* Frameworks */ = {
			isa = PBXFrameworksBuildPhase;
			buildActionMask = 2147483647;
			files = (
			);
			runOnlyForDeploymentPostprocessing = 0;
		};
		86BB7D9F1B361FC300E65FFF /* Frameworks */ = {
			isa = PBXFrameworksBuildPhase;
			buildActionMask = 2147483647;
			files = (
			);
			runOnlyForDeploymentPostprocessing = 0;
		};
		86BB7DAA1B361FC400E65FFF /* Frameworks */ = {
			isa = PBXFrameworksBuildPhase;
			buildActionMask = 2147483647;
			files = (
				8657A3B81B3B229300B667E9 /* Kiwi.framework in Frameworks */,
			);
			runOnlyForDeploymentPostprocessing = 0;
		};
		86BB7DCC1B3621E000E65FFF /* Frameworks */ = {
			isa = PBXFrameworksBuildPhase;
			buildActionMask = 2147483647;
			files = (
			);
			runOnlyForDeploymentPostprocessing = 0;
		};
		86BB7DD71B3621E000E65FFF /* Frameworks */ = {
			isa = PBXFrameworksBuildPhase;
			buildActionMask = 2147483647;
			files = (
				86BB7DF91B36227B00E65FFF /* Kiwi.framework in Frameworks */,
			);
			runOnlyForDeploymentPostprocessing = 0;
		};
/* End PBXFrameworksBuildPhase section */

/* Begin PBXGroup section */
		8620512B1B3DF4A50066333D /* Distribution */ = {
			isa = PBXGroup;
			children = (
				8620512C1B3DF4A50066333D /* iOS */,
				8620512E1B3DF4A50066333D /* OSX */,
			);
			name = Distribution;
			path = "$(PROJECT_DIR)/../Distribution";
			sourceTree = "<group>";
		};
		8620512C1B3DF4A50066333D /* iOS */ = {
			isa = PBXGroup;
			children = (
				8620512D1B3DF4A50066333D /* CompositeOperations.framework */,
			);
			path = iOS;
			sourceTree = "<group>";
		};
		8620512E1B3DF4A50066333D /* OSX */ = {
			isa = PBXGroup;
			children = (
				8620512F1B3DF4A50066333D /* CompositeOperations.framework */,
			);
			path = OSX;
			sourceTree = "<group>";
		};
		864AA3CD1A17AB20008A1EA6 = {
			isa = PBXGroup;
			children = (
				86C6E9DB1BB5E724009B80EC /* CompositeOperations */,
				864EE1201AC4B576007D1B13 /* Tests */,
				86BB7DA41B361FC400E65FFF /* CompositeOperations-iOS */,
				86BB7DB11B361FC400E65FFF /* CompositeOperations-iOSTests */,
				86BB7DD11B3621E000E65FFF /* CompositeOperations-OSX */,
				86BB7DDE1B3621E000E65FFF /* CompositeOperations-OSXTests */,
				864E2AFF1BBF04CE007A5A5F /* Example */,
				864AA3D71A17AB20008A1EA6 /* Products */,
				864EE1761AC4C44A007D1B13 /* Frameworks */,
				8620512B1B3DF4A50066333D /* Distribution */,
			);
			sourceTree = "<group>";
		};
		864AA3D71A17AB20008A1EA6 /* Products */ = {
			isa = PBXGroup;
			children = (
				86BB7DA31B361FC300E65FFF /* CompositeOperations.framework */,
				86BB7DAD1B361FC400E65FFF /* CompositeOperations-iOSTests.xctest */,
				86BB7DD01B3621E000E65FFF /* CompositeOperations.framework */,
				86BB7DDA1B3621E000E65FFF /* CompositeOperations-OSXTests.xctest */,
				864E2AFE1BBF04CD007A5A5F /* Example.app */,
			);
			name = Products;
			sourceTree = "<group>";
		};
		864E2AFF1BBF04CE007A5A5F /* Example */ = {
			isa = PBXGroup;
			children = (
				864E2B151BBF0584007A5A5F /* Classes */,
				864E2B1A1BBF0584007A5A5F /* Etc */,
				864E2B211BBF0584007A5A5F /* Resources */,
			);
			path = Example;
			sourceTree = "<group>";
		};
		864E2B151BBF0584007A5A5F /* Classes */ = {
			isa = PBXGroup;
			children = (
				864E2B2D1BBF0914007A5A5F /* Operations */,
				864E2B161BBF0584007A5A5F /* AppDelegate.h */,
				864E2B171BBF0584007A5A5F /* AppDelegate.m */,
				864E2B181BBF0584007A5A5F /* ViewController.h */,
				864E2B191BBF0584007A5A5F /* ViewController.m */,
			);
			path = Classes;
			sourceTree = "<group>";
		};
		864E2B1A1BBF0584007A5A5F /* Etc */ = {
			isa = PBXGroup;
			children = (
				864E2B1B1BBF0584007A5A5F /* LaunchScreen.storyboard */,
				864E2B1D1BBF0584007A5A5F /* Main.storyboard */,
				864E2B1F1BBF0584007A5A5F /* Info.plist */,
				864E2B201BBF0584007A5A5F /* main.m */,
			);
			path = Etc;
			sourceTree = "<group>";
		};
		864E2B211BBF0584007A5A5F /* Resources */ = {
			isa = PBXGroup;
			children = (
				864E2B221BBF0584007A5A5F /* Assets.xcassets */,
			);
			path = Resources;
			sourceTree = "<group>";
		};
		864E2B2D1BBF0914007A5A5F /* Operations */ = {
			isa = PBXGroup;
			children = (
				864E2B401BBF197F007A5A5F /* Github */,
				864E2B371BBF0C88007A5A5F /* OperationsRepository.h */,
				864E2B381BBF0C88007A5A5F /* OperationsRepository.m */,
			);
			path = Operations;
			sourceTree = "<group>";
		};
		864E2B401BBF197F007A5A5F /* Github */ = {
			isa = PBXGroup;
			children = (
				864E2B451BBF197F007A5A5F /* GithubUserRepositoriesFetchOperation.h */,
				864E2B461BBF197F007A5A5F /* GithubUserRepositoriesFetchOperation.m */,
				864E2B411BBF197F007A5A5F /* GithubRepositoryIssuesFetchOperation.h */,
				864E2B421BBF197F007A5A5F /* GithubRepositoryIssuesFetchOperation.m */,
				864E2B431BBF197F007A5A5F /* GithubUserIssuesOperationSequence.h */,
				864E2B441BBF197F007A5A5F /* GithubUserIssuesOperationSequence.m */,
			);
			path = Github;
			sourceTree = "<group>";
		};
		864EE1201AC4B576007D1B13 /* Tests */ = {
			isa = PBXGroup;
			children = (
				864EE1261AC4B576007D1B13 /* Supporting Files */,
				864EE1281AC4B576007D1B13 /* TestHelpers */,
				864EE1311AC4B576007D1B13 /* Tests */,
			);
			name = Tests;
			path = ../Tests;
			sourceTree = "<group>";
		};
		864EE1261AC4B576007D1B13 /* Supporting Files */ = {
			isa = PBXGroup;
			children = (
				864EE1271AC4B576007D1B13 /* Info.plist */,
			);
			path = "Supporting Files";
			sourceTree = "<group>";
		};
		864EE1281AC4B576007D1B13 /* TestHelpers */ = {
			isa = PBXGroup;
			children = (
				864EE1291AC4B576007D1B13 /* Assertions.h */,
				864EE12C1AC4B576007D1B13 /* TestCompositeOperations.h */,
				864EE12D1AC4B576007D1B13 /* TestCompositeOperations.m */,
				864EE12E1AC4B576007D1B13 /* TestHelpers.h */,
				864EE12F1AC4B576007D1B13 /* TestOperations.h */,
				864EE1301AC4B576007D1B13 /* TestOperations.m */,
			);
			path = TestHelpers;
			sourceTree = "<group>";
		};
		864EE1311AC4B576007D1B13 /* Tests */ = {
			isa = PBXGroup;
			children = (
				8600DE641BADD79D005297A9 /* COCompositeOperationTests.m */,
				864EE1321AC4B576007D1B13 /* CompositeOperationsTests.m */,
				864EE1331AC4B576007D1B13 /* COSimpleOperationTests.m */,
				864EE1341AC4B576007D1B13 /* COParallelOperationTests.m */,
				864EE1351AC4B576007D1B13 /* COSequentialOperationTests.m */,
			);
			path = Tests;
			sourceTree = "<group>";
		};
		864EE1761AC4C44A007D1B13 /* Frameworks */ = {
			isa = PBXGroup;
			children = (
				864EE1771AC4C44A007D1B13 /* Kiwi.framework */,
			);
			path = Frameworks;
			sourceTree = "<group>";
		};
		86BB7DA41B361FC400E65FFF /* CompositeOperations-iOS */ = {
			isa = PBXGroup;
			children = (
				86BB7DA51B361FC400E65FFF /* Supporting Files */,
			);
			path = "CompositeOperations-iOS";
			sourceTree = "<group>";
		};
		86BB7DA51B361FC400E65FFF /* Supporting Files */ = {
			isa = PBXGroup;
			children = (
				86BB7DA61B361FC400E65FFF /* Info.plist */,
			);
			name = "Supporting Files";
			sourceTree = "<group>";
		};
		86BB7DB11B361FC400E65FFF /* CompositeOperations-iOSTests */ = {
			isa = PBXGroup;
			children = (
				86BB7DB21B361FC400E65FFF /* Supporting Files */,
			);
			path = "CompositeOperations-iOSTests";
			sourceTree = "<group>";
		};
		86BB7DB21B361FC400E65FFF /* Supporting Files */ = {
			isa = PBXGroup;
			children = (
				86BB7DB31B361FC400E65FFF /* Info.plist */,
			);
			name = "Supporting Files";
			sourceTree = "<group>";
		};
		86BB7DD11B3621E000E65FFF /* CompositeOperations-OSX */ = {
			isa = PBXGroup;
			children = (
				86BB7DD21B3621E000E65FFF /* Supporting Files */,
			);
			path = "CompositeOperations-OSX";
			sourceTree = "<group>";
		};
		86BB7DD21B3621E000E65FFF /* Supporting Files */ = {
			isa = PBXGroup;
			children = (
				86BB7DD31B3621E000E65FFF /* Info.plist */,
			);
			name = "Supporting Files";
			sourceTree = "<group>";
		};
		86BB7DDE1B3621E000E65FFF /* CompositeOperations-OSXTests */ = {
			isa = PBXGroup;
			children = (
				86BB7DDF1B3621E000E65FFF /* Supporting Files */,
			);
			path = "CompositeOperations-OSXTests";
			sourceTree = "<group>";
		};
		86BB7DDF1B3621E000E65FFF /* Supporting Files */ = {
			isa = PBXGroup;
			children = (
				86BB7DE01B3621E000E65FFF /* Info.plist */,
			);
			name = "Supporting Files";
			sourceTree = "<group>";
		};
		86C6E9DB1BB5E724009B80EC /* CompositeOperations */ = {
			isa = PBXGroup;
			children = (
				8629046E1BBF2E5400C8E33A /* COOperation.h */,
				8629046C1BBF2E3B00C8E33A /* COSequence.h */,
				86C6E9DC1BB5E724009B80EC /* COAbstractOperation.h */,
				86C6E9DD1BB5E724009B80EC /* COAbstractOperation.m */,
				86C6E9DE1BB5E724009B80EC /* COAbstractOperation_Private.h */,
				86C6E9DF1BB5E724009B80EC /* COCompositeOperation.h */,
				86C6E9E01BB5E724009B80EC /* COCompositeOperation.m */,
				86C6E9E11BB5E724009B80EC /* CompositeOperations.h */,
				86C6E9E21BB5E724009B80EC /* COSimpleOperation.h */,
				86C6E9E31BB5E724009B80EC /* COSimpleOperation.m */,
				86C6E9E41BB5E724009B80EC /* __COParallelOperation.h */,
				86C6E9E51BB5E724009B80EC /* __COParallelOperation.m */,
				86C6E9E61BB5E724009B80EC /* __COSequentialOperation.h */,
				86C6E9E71BB5E724009B80EC /* __COSequentialOperation.m */,
				86C6E9EA1BB5E724009B80EC /* Info.plist */,
			);
			name = CompositeOperations;
			path = ../CompositeOperations;
			sourceTree = "<group>";
		};
/* End PBXGroup section */

/* Begin PBXHeadersBuildPhase section */
		86BB7DA01B361FC300E65FFF /* Headers */ = {
			isa = PBXHeadersBuildPhase;
			buildActionMask = 2147483647;
			files = (
				86C6E9EF1BB5E724009B80EC /* COCompositeOperation.h in Headers */,
				86C6EA021BB5EA68009B80EC /* COAbstractOperation.h in Headers */,
				86C6E9F61BB5E724009B80EC /* __COParallelOperation.h in Headers */,
				86C6E9F91BB5E724009B80EC /* __COSequentialOperation.h in Headers */,
				86C6E9EE1BB5E724009B80EC /* COAbstractOperation_Private.h in Headers */,
				86C6E9F21BB5E724009B80EC /* CompositeOperations.h in Headers */,
				86C6E9F31BB5E724009B80EC /* COSimpleOperation.h in Headers */,
				8629046F1BBF2E5400C8E33A /* COOperation.h in Headers */,
				8629046D1BBF2E3B00C8E33A /* COSequence.h in Headers */,
			);
			runOnlyForDeploymentPostprocessing = 0;
		};
		86BB7DCD1B3621E000E65FFF /* Headers */ = {
			isa = PBXHeadersBuildPhase;
			buildActionMask = 2147483647;
			files = (
				86CA01161BB727AF00FE65DA /* COAbstractOperation_Private.h in Headers */,
				862904701BBF300900C8E33A /* COOperation.h in Headers */,
				86CA011E1BB7281D00FE65DA /* COCompositeOperation.h in Headers */,
				86CA01191BB727E200FE65DA /* __COParallelOperation.h in Headers */,
				86CA01091BB7279900FE65DA /* COAbstractOperation.h in Headers */,
				86CA01181BB727DA00FE65DA /* COSimpleOperation.h in Headers */,
				86CA01171BB727D400FE65DA /* CompositeOperations.h in Headers */,
				86CA011A1BB727E200FE65DA /* __COSequentialOperation.h in Headers */,
				862904711BBF300900C8E33A /* COSequence.h in Headers */,
			);
			runOnlyForDeploymentPostprocessing = 0;
		};
/* End PBXHeadersBuildPhase section */

/* Begin PBXNativeTarget section */
		864E2AFD1BBF04CD007A5A5F /* Example */ = {
			isa = PBXNativeTarget;
			buildConfigurationList = 864E2B141BBF04CE007A5A5F /* Build configuration list for PBXNativeTarget "Example" */;
			buildPhases = (
				864E2AFA1BBF04CD007A5A5F /* Sources */,
				864E2AFB1BBF04CD007A5A5F /* Frameworks */,
				864E2AFC1BBF04CD007A5A5F /* Resources */,
			);
			buildRules = (
			);
			dependencies = (
			);
			name = Example;
			productName = Example;
			productReference = 864E2AFE1BBF04CD007A5A5F /* Example.app */;
			productType = "com.apple.product-type.application";
		};
		86BB7DA21B361FC300E65FFF /* CompositeOperations-iOS */ = {
			isa = PBXNativeTarget;
			buildConfigurationList = 86BB7DB61B361FC400E65FFF /* Build configuration list for PBXNativeTarget "CompositeOperations-iOS" */;
			buildPhases = (
				86BB7D9E1B361FC300E65FFF /* Sources */,
				86BB7D9F1B361FC300E65FFF /* Frameworks */,
				86BB7DA01B361FC300E65FFF /* Headers */,
				86BB7DA11B361FC300E65FFF /* Resources */,
			);
			buildRules = (
			);
			dependencies = (
			);
			name = "CompositeOperations-iOS";
			productName = "CompositeOperations-iOS";
			productReference = 86BB7DA31B361FC300E65FFF /* CompositeOperations.framework */;
			productType = "com.apple.product-type.framework";
		};
		86BB7DAC1B361FC400E65FFF /* CompositeOperations-iOSTests */ = {
			isa = PBXNativeTarget;
			buildConfigurationList = 86BB7DB91B361FC400E65FFF /* Build configuration list for PBXNativeTarget "CompositeOperations-iOSTests" */;
			buildPhases = (
				86BB7DA91B361FC400E65FFF /* Sources */,
				86BB7DAA1B361FC400E65FFF /* Frameworks */,
				86BB7DAB1B361FC400E65FFF /* Resources */,
			);
			buildRules = (
			);
			dependencies = (
			);
			name = "CompositeOperations-iOSTests";
			productName = "CompositeOperations-iOSTests";
			productReference = 86BB7DAD1B361FC400E65FFF /* CompositeOperations-iOSTests.xctest */;
			productType = "com.apple.product-type.bundle.unit-test";
		};
		86BB7DCF1B3621E000E65FFF /* CompositeOperations-OSX */ = {
			isa = PBXNativeTarget;
			buildConfigurationList = 86BB7DE31B3621E000E65FFF /* Build configuration list for PBXNativeTarget "CompositeOperations-OSX" */;
			buildPhases = (
				86BB7DCB1B3621E000E65FFF /* Sources */,
				86BB7DCC1B3621E000E65FFF /* Frameworks */,
				86BB7DCD1B3621E000E65FFF /* Headers */,
				86BB7DCE1B3621E000E65FFF /* Resources */,
			);
			buildRules = (
			);
			dependencies = (
			);
			name = "CompositeOperations-OSX";
			productName = "CompositeOperations-OSX";
			productReference = 86BB7DD01B3621E000E65FFF /* CompositeOperations.framework */;
			productType = "com.apple.product-type.framework";
		};
		86BB7DD91B3621E000E65FFF /* CompositeOperations-OSXTests */ = {
			isa = PBXNativeTarget;
			buildConfigurationList = 86BB7DE61B3621E000E65FFF /* Build configuration list for PBXNativeTarget "CompositeOperations-OSXTests" */;
			buildPhases = (
				86BB7DD61B3621E000E65FFF /* Sources */,
				86BB7DD71B3621E000E65FFF /* Frameworks */,
				86BB7DD81B3621E000E65FFF /* Resources */,
			);
			buildRules = (
			);
			dependencies = (
			);
			name = "CompositeOperations-OSXTests";
			productName = "CompositeOperations-OSXTests";
			productReference = 86BB7DDA1B3621E000E65FFF /* CompositeOperations-OSXTests.xctest */;
			productType = "com.apple.product-type.bundle.unit-test";
		};
/* End PBXNativeTarget section */

/* Begin PBXProject section */
		864AA3CE1A17AB20008A1EA6 /* Project object */ = {
			isa = PBXProject;
			attributes = {
				LastUpgradeCheck = 0700;
				ORGANIZATIONNAME = "Stanislaw Pankevich";
				TargetAttributes = {
					864E2AFD1BBF04CD007A5A5F = {
						CreatedOnToolsVersion = 7.0;
					};
					86BB7DA21B361FC300E65FFF = {
						CreatedOnToolsVersion = 6.3.2;
					};
					86BB7DAC1B361FC400E65FFF = {
						CreatedOnToolsVersion = 6.3.2;
					};
					86BB7DCF1B3621E000E65FFF = {
						CreatedOnToolsVersion = 6.3.2;
						DevelopmentTeam = 399ZF6384C;
					};
					86BB7DD91B3621E000E65FFF = {
						CreatedOnToolsVersion = 6.3.2;
					};
				};
			};
			buildConfigurationList = 864AA3D11A17AB20008A1EA6 /* Build configuration list for PBXProject "DevelopmentApp" */;
			compatibilityVersion = "Xcode 3.2";
			developmentRegion = English;
			hasScannedForEncodings = 0;
			knownRegions = (
				en,
				Base,
			);
			mainGroup = 864AA3CD1A17AB20008A1EA6;
			productRefGroup = 864AA3D71A17AB20008A1EA6 /* Products */;
			projectDirPath = "";
			projectRoot = "";
			targets = (
				86BB7DA21B361FC300E65FFF /* CompositeOperations-iOS */,
				86BB7DAC1B361FC400E65FFF /* CompositeOperations-iOSTests */,
				86BB7DCF1B3621E000E65FFF /* CompositeOperations-OSX */,
				86BB7DD91B3621E000E65FFF /* CompositeOperations-OSXTests */,
				864E2AFD1BBF04CD007A5A5F /* Example */,
			);
		};
/* End PBXProject section */

/* Begin PBXResourcesBuildPhase section */
		864E2AFC1BBF04CD007A5A5F /* Resources */ = {
			isa = PBXResourcesBuildPhase;
			buildActionMask = 2147483647;
			files = (
				864E2B251BBF0584007A5A5F /* LaunchScreen.storyboard in Resources */,
				864E2B261BBF0584007A5A5F /* Main.storyboard in Resources */,
				864E2B291BBF0584007A5A5F /* Assets.xcassets in Resources */,
			);
			runOnlyForDeploymentPostprocessing = 0;
		};
		86BB7DA11B361FC300E65FFF /* Resources */ = {
			isa = PBXResourcesBuildPhase;
			buildActionMask = 2147483647;
			files = (
				86C6E9FF1BB5E724009B80EC /* Info.plist in Resources */,
			);
			runOnlyForDeploymentPostprocessing = 0;
		};
		86BB7DAB1B361FC400E65FFF /* Resources */ = {
			isa = PBXResourcesBuildPhase;
			buildActionMask = 2147483647;
			files = (
				86C6EA001BB5E724009B80EC /* Info.plist in Resources */,
			);
			runOnlyForDeploymentPostprocessing = 0;
		};
		86BB7DCE1B3621E000E65FFF /* Resources */ = {
			isa = PBXResourcesBuildPhase;
			buildActionMask = 2147483647;
			files = (
				86CA011C1BB727F200FE65DA /* Info.plist in Resources */,
			);
			runOnlyForDeploymentPostprocessing = 0;
		};
		86BB7DD81B3621E000E65FFF /* Resources */ = {
			isa = PBXResourcesBuildPhase;
			buildActionMask = 2147483647;
			files = (
				86CA011D1BB727F300FE65DA /* Info.plist in Resources */,
			);
			runOnlyForDeploymentPostprocessing = 0;
		};
/* End PBXResourcesBuildPhase section */

/* Begin PBXSourcesBuildPhase section */
		864E2AFA1BBF04CD007A5A5F /* Sources */ = {
			isa = PBXSourcesBuildPhase;
			buildActionMask = 2147483647;
			files = (
				864E2B341BBF09A1007A5A5F /* __COParallelOperation.m in Sources */,
				864E2B241BBF0584007A5A5F /* ViewController.m in Sources */,
				864E2B351BBF09A1007A5A5F /* __COSequentialOperation.m in Sources */,
				864E2B321BBF09A1007A5A5F /* COCompositeOperation.m in Sources */,
				864E2B281BBF0584007A5A5F /* main.m in Sources */,
				864E2B481BBF197F007A5A5F /* GithubUserIssuesOperationSequence.m in Sources */,
				864E2B311BBF09A1007A5A5F /* COAbstractOperation.m in Sources */,
				864E2B391BBF0C88007A5A5F /* OperationsRepository.m in Sources */,
				864E2B331BBF09A1007A5A5F /* COSimpleOperation.m in Sources */,
				864E2B471BBF197F007A5A5F /* GithubRepositoryIssuesFetchOperation.m in Sources */,
				864E2B491BBF197F007A5A5F /* GithubUserRepositoriesFetchOperation.m in Sources */,
				864E2B231BBF0584007A5A5F /* AppDelegate.m in Sources */,
			);
			runOnlyForDeploymentPostprocessing = 0;
		};
		86BB7D9E1B361FC300E65FFF /* Sources */ = {
			isa = PBXSourcesBuildPhase;
			buildActionMask = 2147483647;
			files = (
				86C6E9F71BB5E724009B80EC /* __COParallelOperation.m in Sources */,
				86C6EA0D1BB70253009B80EC /* COAbstractOperation.m in Sources */,
				86C6E9FA1BB5E724009B80EC /* __COSequentialOperation.m in Sources */,
				86C6E9F01BB5E724009B80EC /* COCompositeOperation.m in Sources */,
				86C6E9F41BB5E724009B80EC /* COSimpleOperation.m in Sources */,
			);
			runOnlyForDeploymentPostprocessing = 0;
		};
		86BB7DA91B361FC400E65FFF /* Sources */ = {
			isa = PBXSourcesBuildPhase;
			buildActionMask = 2147483647;
			files = (
				86C6E9F11BB5E724009B80EC /* COCompositeOperation.m in Sources */,
				86BB7DC61B36205E00E65FFF /* TestOperations.m in Sources */,
				86C6EA091BB5ED93009B80EC /* COSequentialOperationTests.m in Sources */,
				86C6EA0C1BB5EDB0009B80EC /* COCompositeOperationTests.m in Sources */,
				86C6EA0A1BB5ED9C009B80EC /* COParallelOperationTests.m in Sources */,
				86C6E9F51BB5E724009B80EC /* COSimpleOperation.m in Sources */,
				86C6E9F81BB5E724009B80EC /* __COParallelOperation.m in Sources */,
				86C6EA0B1BB5EDA6009B80EC /* CompositeOperationsTests.m in Sources */,
				86C6EA051BB5EB6B009B80EC /* COSimpleOperationTests.m in Sources */,
				86C6E9FB1BB5E724009B80EC /* __COSequentialOperation.m in Sources */,
				86BB7DC51B36205E00E65FFF /* TestCompositeOperations.m in Sources */,
				86C6E9ED1BB5E724009B80EC /* COAbstractOperation.m in Sources */,
			);
			runOnlyForDeploymentPostprocessing = 0;
		};
		86BB7DCB1B3621E000E65FFF /* Sources */ = {
			isa = PBXSourcesBuildPhase;
			buildActionMask = 2147483647;
			files = (
				86CA01131BB727AB00FE65DA /* __COParallelOperation.m in Sources */,
				86CA010A1BB727A200FE65DA /* COAbstractOperation.m in Sources */,
				86CA01141BB727AB00FE65DA /* __COSequentialOperation.m in Sources */,
				86CA01121BB727AB00FE65DA /* COSimpleOperation.m in Sources */,
				86CA01111BB727AB00FE65DA /* COCompositeOperation.m in Sources */,
			);
			runOnlyForDeploymentPostprocessing = 0;
		};
		86BB7DD61B3621E000E65FFF /* Sources */ = {
			isa = PBXSourcesBuildPhase;
			buildActionMask = 2147483647;
			files = (
				8600DE811BAE26F4005297A9 /* COSimpleOperationTests.m in Sources */,
				86CA010C1BB727AA00FE65DA /* COCompositeOperation.m in Sources */,
				8600DE821BAE26F4005297A9 /* COParallelOperationTests.m in Sources */,
				8600DE711BADFF56005297A9 /* COCompositeOperationTests.m in Sources */,
				86BB7DF31B36227200E65FFF /* TestCompositeOperations.m in Sources */,
				86CA010E1BB727AA00FE65DA /* __COParallelOperation.m in Sources */,
				86CA010D1BB727AA00FE65DA /* COSimpleOperation.m in Sources */,
				8600DE831BAE26F4005297A9 /* COSequentialOperationTests.m in Sources */,
				86CA010F1BB727AA00FE65DA /* __COSequentialOperation.m in Sources */,
				86BB7DF41B36227200E65FFF /* TestOperations.m in Sources */,
				8600DE801BAE26F4005297A9 /* CompositeOperationsTests.m in Sources */,
				86CA010B1BB727A300FE65DA /* COAbstractOperation.m in Sources */,
			);
			runOnlyForDeploymentPostprocessing = 0;
		};
/* End PBXSourcesBuildPhase section */

/* Begin PBXVariantGroup section */
		864E2B1B1BBF0584007A5A5F /* LaunchScreen.storyboard */ = {
			isa = PBXVariantGroup;
			children = (
				864E2B1C1BBF0584007A5A5F /* Base */,
			);
			name = LaunchScreen.storyboard;
			sourceTree = "<group>";
		};
		864E2B1D1BBF0584007A5A5F /* Main.storyboard */ = {
			isa = PBXVariantGroup;
			children = (
				864E2B1E1BBF0584007A5A5F /* Base */,
			);
			name = Main.storyboard;
			sourceTree = "<group>";
		};
/* End PBXVariantGroup section */

/* Begin XCBuildConfiguration section */
		864AA3DB1A17AB20008A1EA6 /* Debug */ = {
			isa = XCBuildConfiguration;
			buildSettings = {
				ALWAYS_SEARCH_USER_PATHS = NO;
				CLANG_CXX_LANGUAGE_STANDARD = "gnu++0x";
				CLANG_CXX_LIBRARY = "libc++";
				CLANG_ENABLE_MODULES = YES;
				CLANG_ENABLE_OBJC_ARC = YES;
				CLANG_WARN_BOOL_CONVERSION = YES;
				CLANG_WARN_CONSTANT_CONVERSION = YES;
				CLANG_WARN_DIRECT_OBJC_ISA_USAGE = YES_ERROR;
				CLANG_WARN_EMPTY_BODY = YES;
				CLANG_WARN_ENUM_CONVERSION = YES;
				CLANG_WARN_INT_CONVERSION = YES;
				CLANG_WARN_OBJC_ROOT_CLASS = YES_ERROR;
				CLANG_WARN_UNREACHABLE_CODE = YES;
				CLANG_WARN__DUPLICATE_METHOD_MATCH = YES;
				COMPOSITE_OPERATIONS_BUILD_NUMBER = 9;
				COMPOSITE_OPERATIONS_VERSION = 0.8.2;
				COPY_PHASE_STRIP = NO;
				CURRENT_PROJECT_VERSION = "$(COMPOSITE_OPERATIONS_BUILD_NUMBER)";
				DYLIB_CURRENT_VERSION = "$(COMPOSITE_OPERATIONS_BUILD_NUMBER)";
				ENABLE_STRICT_OBJC_MSGSEND = YES;
				ENABLE_TESTABILITY = YES;
				GCC_C_LANGUAGE_STANDARD = gnu99;
				GCC_DYNAMIC_NO_PIC = NO;
				GCC_OPTIMIZATION_LEVEL = 0;
				GCC_PREPROCESSOR_DEFINITIONS = (
					"DEBUG=1",
					"$(inherited)",
				);
				GCC_SYMBOLS_PRIVATE_EXTERN = NO;
				GCC_WARN_64_TO_32_BIT_CONVERSION = YES;
				GCC_WARN_ABOUT_RETURN_TYPE = YES_ERROR;
				GCC_WARN_UNDECLARED_SELECTOR = YES;
				GCC_WARN_UNINITIALIZED_AUTOS = YES_AGGRESSIVE;
				GCC_WARN_UNUSED_FUNCTION = YES;
				GCC_WARN_UNUSED_VARIABLE = YES;
				IPHONEOS_DEPLOYMENT_TARGET = 7.0;
				MACOSX_DEPLOYMENT_TARGET = 10.9;
				MTL_ENABLE_DEBUG_INFO = YES;
				ONLY_ACTIVE_ARCH = YES;
				SDKROOT = macosx;
			};
			name = Debug;
		};
		864AA3DC1A17AB20008A1EA6 /* Release */ = {
			isa = XCBuildConfiguration;
			buildSettings = {
				ALWAYS_SEARCH_USER_PATHS = NO;
				CLANG_CXX_LANGUAGE_STANDARD = "gnu++0x";
				CLANG_CXX_LIBRARY = "libc++";
				CLANG_ENABLE_MODULES = YES;
				CLANG_ENABLE_OBJC_ARC = YES;
				CLANG_WARN_BOOL_CONVERSION = YES;
				CLANG_WARN_CONSTANT_CONVERSION = YES;
				CLANG_WARN_DIRECT_OBJC_ISA_USAGE = YES_ERROR;
				CLANG_WARN_EMPTY_BODY = YES;
				CLANG_WARN_ENUM_CONVERSION = YES;
				CLANG_WARN_INT_CONVERSION = YES;
				CLANG_WARN_OBJC_ROOT_CLASS = YES_ERROR;
				CLANG_WARN_UNREACHABLE_CODE = YES;
				CLANG_WARN__DUPLICATE_METHOD_MATCH = YES;
				COMPOSITE_OPERATIONS_BUILD_NUMBER = 9;
				COMPOSITE_OPERATIONS_VERSION = 0.8.2;
				COPY_PHASE_STRIP = YES;
				CURRENT_PROJECT_VERSION = "$(COMPOSITE_OPERATIONS_BUILD_NUMBER)";
				DEBUG_INFORMATION_FORMAT = "dwarf-with-dsym";
				DYLIB_CURRENT_VERSION = "$(COMPOSITE_OPERATIONS_BUILD_NUMBER)";
				ENABLE_NS_ASSERTIONS = NO;
				ENABLE_STRICT_OBJC_MSGSEND = YES;
				GCC_C_LANGUAGE_STANDARD = gnu99;
				GCC_WARN_64_TO_32_BIT_CONVERSION = YES;
				GCC_WARN_ABOUT_RETURN_TYPE = YES_ERROR;
				GCC_WARN_UNDECLARED_SELECTOR = YES;
				GCC_WARN_UNINITIALIZED_AUTOS = YES_AGGRESSIVE;
				GCC_WARN_UNUSED_FUNCTION = YES;
				GCC_WARN_UNUSED_VARIABLE = YES;
				IPHONEOS_DEPLOYMENT_TARGET = 7.0;
				MACOSX_DEPLOYMENT_TARGET = 10.9;
				MTL_ENABLE_DEBUG_INFO = NO;
				SDKROOT = macosx;
			};
			name = Release;
		};
		864E2B121BBF04CE007A5A5F /* Debug */ = {
			isa = XCBuildConfiguration;
			buildSettings = {
				ASSETCATALOG_COMPILER_APPICON_NAME = AppIcon;
				"CODE_SIGN_IDENTITY[sdk=iphoneos*]" = "iPhone Developer";
				DEBUG_INFORMATION_FORMAT = dwarf;
				GCC_NO_COMMON_BLOCKS = YES;
				INFOPLIST_FILE = Example/Etc/Info.plist;
				IPHONEOS_DEPLOYMENT_TARGET = 9.0;
				LD_RUNPATH_SEARCH_PATHS = "$(inherited) @executable_path/Frameworks";
				PRODUCT_BUNDLE_IDENTIFIER = com.CompositeOperations.Example;
				PRODUCT_NAME = "$(TARGET_NAME)";
				SDKROOT = iphoneos;
				TARGETED_DEVICE_FAMILY = "1,2";
			};
			name = Debug;
		};
		864E2B131BBF04CE007A5A5F /* Release */ = {
			isa = XCBuildConfiguration;
			buildSettings = {
				ASSETCATALOG_COMPILER_APPICON_NAME = AppIcon;
				"CODE_SIGN_IDENTITY[sdk=iphoneos*]" = "iPhone Developer";
				COPY_PHASE_STRIP = NO;
				GCC_NO_COMMON_BLOCKS = YES;
				INFOPLIST_FILE = Example/Etc/Info.plist;
				IPHONEOS_DEPLOYMENT_TARGET = 9.0;
				LD_RUNPATH_SEARCH_PATHS = "$(inherited) @executable_path/Frameworks";
				PRODUCT_BUNDLE_IDENTIFIER = com.CompositeOperations.Example;
				PRODUCT_NAME = "$(TARGET_NAME)";
				SDKROOT = iphoneos;
				TARGETED_DEVICE_FAMILY = "1,2";
				VALIDATE_PRODUCT = YES;
			};
			name = Release;
		};
		86BB7DB71B361FC400E65FFF /* Debug */ = {
			isa = XCBuildConfiguration;
			buildSettings = {
				CLANG_MODULES_AUTOLINK = YES;
				CODE_SIGN_IDENTITY = "iPhone Developer";
				"CODE_SIGN_IDENTITY[sdk=iphoneos*]" = "iPhone Developer";
				COMPOSITE_OPERATIONS_BUILD_NUMBER = "$(inherited)";
				COMPOSITE_OPERATIONS_VERSION = "$(inherited)";
				CURRENT_PROJECT_VERSION = "$(inherited)";
				DEBUG_INFORMATION_FORMAT = "dwarf-with-dsym";
				DEFINES_MODULE = YES;
				DYLIB_COMPATIBILITY_VERSION = 1;
				DYLIB_CURRENT_VERSION = "$(inherited)";
				DYLIB_INSTALL_NAME_BASE = "@rpath";
				ENABLE_BITCODE = YES;
				GCC_NO_COMMON_BLOCKS = YES;
				GCC_PREPROCESSOR_DEFINITIONS = (
					"DEBUG=1",
					"$(inherited)",
				);
				INFOPLIST_FILE = "CompositeOperations-iOS/Info.plist";
				INSTALL_PATH = "$(LOCAL_LIBRARY_DIR)/Frameworks";
				IPHONEOS_DEPLOYMENT_TARGET = 7.0;
				LD_RUNPATH_SEARCH_PATHS = "$(inherited) @executable_path/Frameworks @loader_path/Frameworks";
				MACH_O_TYPE = staticlib;
				ONLY_ACTIVE_ARCH = NO;
				PRODUCT_BUNDLE_IDENTIFIER = "com.$(PRODUCT_NAME:rfc1034identifier)";
				PRODUCT_NAME = CompositeOperations;
				SDKROOT = iphoneos;
				SKIP_INSTALL = YES;
				TARGETED_DEVICE_FAMILY = "1,2";
				VERSIONING_SYSTEM = "apple-generic";
				VERSION_INFO_PREFIX = "";
			};
			name = Debug;
		};
		86BB7DB81B361FC400E65FFF /* Release */ = {
			isa = XCBuildConfiguration;
			buildSettings = {
				CLANG_MODULES_AUTOLINK = YES;
				CODE_SIGN_IDENTITY = "iPhone Developer";
				"CODE_SIGN_IDENTITY[sdk=iphoneos*]" = "iPhone Developer";
				COMPOSITE_OPERATIONS_BUILD_NUMBER = "$(inherited)";
				COMPOSITE_OPERATIONS_VERSION = "$(inherited)";
				COPY_PHASE_STRIP = NO;
				CURRENT_PROJECT_VERSION = "$(inherited)";
				DEFINES_MODULE = YES;
				DYLIB_COMPATIBILITY_VERSION = 1;
				DYLIB_CURRENT_VERSION = "$(inherited)";
				DYLIB_INSTALL_NAME_BASE = "@rpath";
				ENABLE_BITCODE = YES;
				GCC_NO_COMMON_BLOCKS = YES;
				INFOPLIST_FILE = "CompositeOperations-iOS/Info.plist";
				INSTALL_PATH = "$(LOCAL_LIBRARY_DIR)/Frameworks";
				IPHONEOS_DEPLOYMENT_TARGET = 7.0;
				LD_RUNPATH_SEARCH_PATHS = "$(inherited) @executable_path/Frameworks @loader_path/Frameworks";
				MACH_O_TYPE = staticlib;
				PRODUCT_BUNDLE_IDENTIFIER = "com.$(PRODUCT_NAME:rfc1034identifier)";
				PRODUCT_NAME = CompositeOperations;
				SDKROOT = iphoneos;
				SKIP_INSTALL = YES;
				TARGETED_DEVICE_FAMILY = "1,2";
				VALIDATE_PRODUCT = YES;
				VERSIONING_SYSTEM = "apple-generic";
				VERSION_INFO_PREFIX = "";
			};
			name = Release;
		};
		86BB7DBA1B361FC400E65FFF /* Debug */ = {
			isa = XCBuildConfiguration;
			buildSettings = {
				CLANG_MODULES_AUTOLINK = NO;
				"CODE_SIGN_IDENTITY[sdk=iphoneos*]" = "iPhone Developer";
				DEBUG_INFORMATION_FORMAT = "dwarf-with-dsym";
				FRAMEWORK_SEARCH_PATHS = (
					"$(SDKROOT)/Developer/Library/Frameworks",
					"$(inherited)",
					"$(PROJECT_DIR)/Frameworks",
				);
				GCC_NO_COMMON_BLOCKS = YES;
				GCC_PREPROCESSOR_DEFINITIONS = (
					"DEBUG=1",
					"$(inherited)",
				);
				INFOPLIST_FILE = "CompositeOperations-iOSTests/Info.plist";
				IPHONEOS_DEPLOYMENT_TARGET = 8.3;
				LD_RUNPATH_SEARCH_PATHS = "$(inherited) @executable_path/Frameworks @loader_path/Frameworks";
				OTHER_LDFLAGS = (
					"$(inherited)",
					"-framework",
					XCTest,
					"-all_load",
				);
				PRODUCT_BUNDLE_IDENTIFIER = "com.$(PRODUCT_NAME:rfc1034identifier)";
				PRODUCT_NAME = "$(TARGET_NAME)";
				SDKROOT = iphoneos;
			};
			name = Debug;
		};
		86BB7DBB1B361FC400E65FFF /* Release */ = {
			isa = XCBuildConfiguration;
			buildSettings = {
				CLANG_MODULES_AUTOLINK = NO;
				"CODE_SIGN_IDENTITY[sdk=iphoneos*]" = "iPhone Developer";
				COPY_PHASE_STRIP = NO;
				FRAMEWORK_SEARCH_PATHS = (
					"$(SDKROOT)/Developer/Library/Frameworks",
					"$(inherited)",
					"$(PROJECT_DIR)/Frameworks",
				);
				GCC_NO_COMMON_BLOCKS = YES;
				INFOPLIST_FILE = "CompositeOperations-iOSTests/Info.plist";
				IPHONEOS_DEPLOYMENT_TARGET = 8.3;
				LD_RUNPATH_SEARCH_PATHS = "$(inherited) @executable_path/Frameworks @loader_path/Frameworks";
				OTHER_LDFLAGS = (
					"$(inherited)",
					"-framework",
					XCTest,
					"-all_load",
				);
				PRODUCT_BUNDLE_IDENTIFIER = "com.$(PRODUCT_NAME:rfc1034identifier)";
				PRODUCT_NAME = "$(TARGET_NAME)";
				SDKROOT = iphoneos;
				VALIDATE_PRODUCT = YES;
			};
			name = Release;
		};
		86BB7DE41B3621E000E65FFF /* Debug */ = {
			isa = XCBuildConfiguration;
			buildSettings = {
				CODE_SIGN_IDENTITY = "";
				"CODE_SIGN_IDENTITY[sdk=macosx*]" = "";
				COMBINE_HIDPI_IMAGES = YES;
				COMPOSITE_OPERATIONS_BUILD_NUMBER = "$(inherited)";
				COMPOSITE_OPERATIONS_VERSION = "$(inherited)";
				CURRENT_PROJECT_VERSION = "$(inherited)";
				DEBUG_INFORMATION_FORMAT = dwarf;
				DEFINES_MODULE = YES;
				DYLIB_COMPATIBILITY_VERSION = 1;
				DYLIB_CURRENT_VERSION = "$(inherited)";
				DYLIB_INSTALL_NAME_BASE = "@rpath";
				FRAMEWORK_VERSION = A;
				GCC_NO_COMMON_BLOCKS = YES;
				GCC_PREPROCESSOR_DEFINITIONS = (
					"DEBUG=1",
					"$(inherited)",
				);
				INFOPLIST_FILE = "CompositeOperations-OSX/Info.plist";
				INSTALL_PATH = "$(LOCAL_LIBRARY_DIR)/Frameworks";
				LD_RUNPATH_SEARCH_PATHS = "$(inherited) @executable_path/../Frameworks @loader_path/Frameworks";
				MACH_O_TYPE = staticlib;
				MACOSX_DEPLOYMENT_TARGET = 10.9;
				PRODUCT_BUNDLE_IDENTIFIER = "com.$(PRODUCT_NAME:rfc1034identifier)";
				PRODUCT_NAME = CompositeOperations;
				PROVISIONING_PROFILE = "";
				SKIP_INSTALL = YES;
				VERSIONING_SYSTEM = "apple-generic";
				VERSION_INFO_PREFIX = "";
			};
			name = Debug;
		};
		86BB7DE51B3621E000E65FFF /* Release */ = {
			isa = XCBuildConfiguration;
			buildSettings = {
				CODE_SIGN_IDENTITY = "";
				"CODE_SIGN_IDENTITY[sdk=macosx*]" = "";
				COMBINE_HIDPI_IMAGES = YES;
				COMPOSITE_OPERATIONS_BUILD_NUMBER = "$(inherited)";
				COMPOSITE_OPERATIONS_VERSION = "$(inherited)";
				COPY_PHASE_STRIP = NO;
				CURRENT_PROJECT_VERSION = "$(inherited)";
				DEFINES_MODULE = YES;
				DYLIB_COMPATIBILITY_VERSION = 1;
				DYLIB_CURRENT_VERSION = "$(inherited)";
				DYLIB_INSTALL_NAME_BASE = "@rpath";
				FRAMEWORK_VERSION = A;
				GCC_NO_COMMON_BLOCKS = YES;
				INFOPLIST_FILE = "CompositeOperations-OSX/Info.plist";
				INSTALL_PATH = "$(LOCAL_LIBRARY_DIR)/Frameworks";
				LD_RUNPATH_SEARCH_PATHS = "$(inherited) @executable_path/../Frameworks @loader_path/Frameworks";
				MACH_O_TYPE = staticlib;
				MACOSX_DEPLOYMENT_TARGET = 10.9;
				PRODUCT_BUNDLE_IDENTIFIER = "com.$(PRODUCT_NAME:rfc1034identifier)";
				PRODUCT_NAME = CompositeOperations;
				PROVISIONING_PROFILE = "";
				SKIP_INSTALL = YES;
				VERSIONING_SYSTEM = "apple-generic";
				VERSION_INFO_PREFIX = "";
			};
			name = Release;
		};
		86BB7DE71B3621E000E65FFF /* Debug */ = {
			isa = XCBuildConfiguration;
			buildSettings = {
				COMBINE_HIDPI_IMAGES = YES;
				DEBUG_INFORMATION_FORMAT = dwarf;
				FRAMEWORK_SEARCH_PATHS = (
					"$(DEVELOPER_FRAMEWORKS_DIR)",
					"$(inherited)",
					"$(PROJECT_DIR)/Frameworks",
				);
				GCC_NO_COMMON_BLOCKS = YES;
				GCC_PREPROCESSOR_DEFINITIONS = (
					"DEBUG=1",
					"$(inherited)",
				);
				INFOPLIST_FILE = "CompositeOperations-OSXTests/Info.plist";
				LD_RUNPATH_SEARCH_PATHS = "$(inherited) @executable_path/../Frameworks @loader_path/../Frameworks";
				OTHER_LDFLAGS = "-all_load";
				PRODUCT_BUNDLE_IDENTIFIER = "com.$(PRODUCT_NAME:rfc1034identifier)";
				PRODUCT_NAME = "$(TARGET_NAME)";
			};
			name = Debug;
		};
		86BB7DE81B3621E000E65FFF /* Release */ = {
			isa = XCBuildConfiguration;
			buildSettings = {
				COMBINE_HIDPI_IMAGES = YES;
				COPY_PHASE_STRIP = NO;
				FRAMEWORK_SEARCH_PATHS = (
					"$(DEVELOPER_FRAMEWORKS_DIR)",
					"$(inherited)",
					"$(PROJECT_DIR)/Frameworks",
				);
				GCC_NO_COMMON_BLOCKS = YES;
				INFOPLIST_FILE = "CompositeOperations-OSXTests/Info.plist";
				LD_RUNPATH_SEARCH_PATHS = "$(inherited) @executable_path/../Frameworks @loader_path/../Frameworks";
				OTHER_LDFLAGS = "-all_load";
				PRODUCT_BUNDLE_IDENTIFIER = "com.$(PRODUCT_NAME:rfc1034identifier)";
				PRODUCT_NAME = "$(TARGET_NAME)";
			};
			name = Release;
		};
/* End XCBuildConfiguration section */

/* Begin XCConfigurationList section */
		864AA3D11A17AB20008A1EA6 /* Build configuration list for PBXProject "DevelopmentApp" */ = {
			isa = XCConfigurationList;
			buildConfigurations = (
				864AA3DB1A17AB20008A1EA6 /* Debug */,
				864AA3DC1A17AB20008A1EA6 /* Release */,
			);
			defaultConfigurationIsVisible = 0;
			defaultConfigurationName = Release;
		};
		864E2B141BBF04CE007A5A5F /* Build configuration list for PBXNativeTarget "Example" */ = {
			isa = XCConfigurationList;
			buildConfigurations = (
				864E2B121BBF04CE007A5A5F /* Debug */,
				864E2B131BBF04CE007A5A5F /* Release */,
			);
			defaultConfigurationIsVisible = 0;
			defaultConfigurationName = Release;
		};
		86BB7DB61B361FC400E65FFF /* Build configuration list for PBXNativeTarget "CompositeOperations-iOS" */ = {
			isa = XCConfigurationList;
			buildConfigurations = (
				86BB7DB71B361FC400E65FFF /* Debug */,
				86BB7DB81B361FC400E65FFF /* Release */,
			);
			defaultConfigurationIsVisible = 0;
			defaultConfigurationName = Release;
		};
		86BB7DB91B361FC400E65FFF /* Build configuration list for PBXNativeTarget "CompositeOperations-iOSTests" */ = {
			isa = XCConfigurationList;
			buildConfigurations = (
				86BB7DBA1B361FC400E65FFF /* Debug */,
				86BB7DBB1B361FC400E65FFF /* Release */,
			);
			defaultConfigurationIsVisible = 0;
			defaultConfigurationName = Release;
		};
		86BB7DE31B3621E000E65FFF /* Build configuration list for PBXNativeTarget "CompositeOperations-OSX" */ = {
			isa = XCConfigurationList;
			buildConfigurations = (
				86BB7DE41B3621E000E65FFF /* Debug */,
				86BB7DE51B3621E000E65FFF /* Release */,
			);
			defaultConfigurationIsVisible = 0;
			defaultConfigurationName = Release;
		};
		86BB7DE61B3621E000E65FFF /* Build configuration list for PBXNativeTarget "CompositeOperations-OSXTests" */ = {
			isa = XCConfigurationList;
			buildConfigurations = (
				86BB7DE71B3621E000E65FFF /* Debug */,
				86BB7DE81B3621E000E65FFF /* Release */,
			);
			defaultConfigurationIsVisible = 0;
			defaultConfigurationName = Release;
		};
/* End XCConfigurationList section */
	};
	rootObject = 864AA3CE1A17AB20008A1EA6 /* Project object */;
}
